// !$*UTF8*$!
{
	archiveVersion = 1;
	classes = {
	};
	objectVersion = 46;
	objects = {

/* Begin PBXBuildFile section */
		3E130CAE1764E005007F38EC /* SVSystemUtils.m in Sources */ = {isa = PBXBuildFile; fileRef = 3E130CAD1764E005007F38EC /* SVSystemUtils.m */; };
		3E130CB1176551F0007F38EC /* SVAccountProbe.m in Sources */ = {isa = PBXBuildFile; fileRef = 3E130CB0176551F0007F38EC /* SVAccountProbe.m */; };
		3E130CB4176552B0007F38EC /* MSLogger.m in Sources */ = {isa = PBXBuildFile; fileRef = 3E130CB3176552B0007F38EC /* MSLogger.m */; };
		3E130CB6176553AE007F38EC /* fillScript.txt in Resources */ = {isa = PBXBuildFile; fileRef = 3E130CB5176553AE007F38EC /* fillScript.txt */; };
		3E130CB9176557C8007F38EC /* SVAccountContentProvider.m in Sources */ = {isa = PBXBuildFile; fileRef = 3E130CB8176557C8007F38EC /* SVAccountContentProvider.m */; };
		3E130CBC17655802007F38EC /* SVMessageAccount.m in Sources */ = {isa = PBXBuildFile; fileRef = 3E130CBB17655802007F38EC /* SVMessageAccount.m */; };
		3E2174431765E55D00B1FF12 /* NSDataAdditions.m in Sources */ = {isa = PBXBuildFile; fileRef = 3E2174401765E55C00B1FF12 /* NSDataAdditions.m */; };
		3E2174441765E55D00B1FF12 /* TBXML.m in Sources */ = {isa = PBXBuildFile; fileRef = 3E2174421765E55D00B1FF12 /* TBXML.m */; };
		3E2174461765E56C00B1FF12 /* libz.dylib in Frameworks */ = {isa = PBXBuildFile; fileRef = 3E2174451765E56C00B1FF12 /* libz.dylib */; };
		3E2698DE1764DF0700CEDADA /* Cocoa.framework in Frameworks */ = {isa = PBXBuildFile; fileRef = 3E2698DD1764DF0700CEDADA /* Cocoa.framework */; };
		3E2698E81764DF0700CEDADA /* InfoPlist.strings in Resources */ = {isa = PBXBuildFile; fileRef = 3E2698E61764DF0700CEDADA /* InfoPlist.strings */; };
		3E2698EA1764DF0700CEDADA /* main.m in Sources */ = {isa = PBXBuildFile; fileRef = 3E2698E91764DF0700CEDADA /* main.m */; };
		3E2698EE1764DF0700CEDADA /* Credits.rtf in Resources */ = {isa = PBXBuildFile; fileRef = 3E2698EC1764DF0700CEDADA /* Credits.rtf */; };
		3E2698F11764DF0700CEDADA /* AppDelegate.m in Sources */ = {isa = PBXBuildFile; fileRef = 3E2698F01764DF0700CEDADA /* AppDelegate.m */; };
		3E2698F41764DF0700CEDADA /* MainMenu.xib in Resources */ = {isa = PBXBuildFile; fileRef = 3E2698F21764DF0700CEDADA /* MainMenu.xib */; };
		3E8F585617656D9000CC68CD /* SVAccountMarker.m in Sources */ = {isa = PBXBuildFile; fileRef = 3E8F585517656D9000CC68CD /* SVAccountMarker.m */; };
		3EC12F6F1769A03E0081A3AD /* SVDestinationFieldWidthProvider.m in Sources */ = {isa = PBXBuildFile; fileRef = 3EC12F6E1769A03E0081A3AD /* SVDestinationFieldWidthProvider.m */; };
		3EC12F711769A0D90081A3AD /* destinationFieldWithScript.txt in Resources */ = {isa = PBXBuildFile; fileRef = 3EC12F701769A0D90081A3AD /* destinationFieldWithScript.txt */; };
		3EED89B0176A031400AA3E97 /* SVHTTPRequest.m in Sources */ = {isa = PBXBuildFile; fileRef = 3EED89AF176A031400AA3E97 /* SVHTTPRequest.m */; };
		3EED89B2176B3C8C00AA3E97 /* script_runner in Resources */ = {isa = PBXBuildFile; fileRef = 3EED89B1176B3C8C00AA3E97 /* script_runner */; };
		3EED89B5176B3F9200AA3E97 /* SVCodeUtils.m in Sources */ = {isa = PBXBuildFile; fileRef = 3EED89B4176B3F9200AA3E97 /* SVCodeUtils.m */; };
/* End PBXBuildFile section */

/* Begin PBXFileReference section */
		3E130CAC1764E005007F38EC /* SVSystemUtils.h */ = {isa = PBXFileReference; fileEncoding = 4; lastKnownFileType = sourcecode.c.h; path = SVSystemUtils.h; sourceTree = "<group>"; };
		3E130CAD1764E005007F38EC /* SVSystemUtils.m */ = {isa = PBXFileReference; fileEncoding = 4; lastKnownFileType = sourcecode.c.objc; path = SVSystemUtils.m; sourceTree = "<group>"; };
		3E130CAF176551F0007F38EC /* SVAccountProbe.h */ = {isa = PBXFileReference; fileEncoding = 4; lastKnownFileType = sourcecode.c.h; path = SVAccountProbe.h; sourceTree = "<group>"; };
		3E130CB0176551F0007F38EC /* SVAccountProbe.m */ = {isa = PBXFileReference; fileEncoding = 4; lastKnownFileType = sourcecode.c.objc; path = SVAccountProbe.m; sourceTree = "<group>"; };
		3E130CB2176552B0007F38EC /* MSLogger.h */ = {isa = PBXFileReference; fileEncoding = 4; lastKnownFileType = sourcecode.c.h; path = MSLogger.h; sourceTree = "<group>"; };
		3E130CB3176552B0007F38EC /* MSLogger.m */ = {isa = PBXFileReference; fileEncoding = 4; lastKnownFileType = sourcecode.c.objc; path = MSLogger.m; sourceTree = "<group>"; };
		3E130CB5176553AE007F38EC /* fillScript.txt */ = {isa = PBXFileReference; fileEncoding = 4; lastKnownFileType = text; path = fillScript.txt; sourceTree = "<group>"; xcLanguageSpecificationIdentifier = "<none>"; };
		3E130CB7176557C8007F38EC /* SVAccountContentProvider.h */ = {isa = PBXFileReference; fileEncoding = 4; lastKnownFileType = sourcecode.c.h; path = SVAccountContentProvider.h; sourceTree = "<group>"; };
		3E130CB8176557C8007F38EC /* SVAccountContentProvider.m */ = {isa = PBXFileReference; fileEncoding = 4; lastKnownFileType = sourcecode.c.objc; path = SVAccountContentProvider.m; sourceTree = "<group>"; };
		3E130CBA17655802007F38EC /* SVMessageAccount.h */ = {isa = PBXFileReference; fileEncoding = 4; lastKnownFileType = sourcecode.c.h; path = SVMessageAccount.h; sourceTree = "<group>"; };
		3E130CBB17655802007F38EC /* SVMessageAccount.m */ = {isa = PBXFileReference; fileEncoding = 4; lastKnownFileType = sourcecode.c.objc; path = SVMessageAccount.m; sourceTree = "<group>"; };
		3E21743F1765E55C00B1FF12 /* NSDataAdditions.h */ = {isa = PBXFileReference; fileEncoding = 4; lastKnownFileType = sourcecode.c.h; path = NSDataAdditions.h; sourceTree = "<group>"; };
		3E2174401765E55C00B1FF12 /* NSDataAdditions.m */ = {isa = PBXFileReference; fileEncoding = 4; lastKnownFileType = sourcecode.c.objc; path = NSDataAdditions.m; sourceTree = "<group>"; };
		3E2174411765E55C00B1FF12 /* TBXML.h */ = {isa = PBXFileReference; fileEncoding = 4; lastKnownFileType = sourcecode.c.h; path = TBXML.h; sourceTree = "<group>"; };
		3E2174421765E55D00B1FF12 /* TBXML.m */ = {isa = PBXFileReference; fileEncoding = 4; lastKnownFileType = sourcecode.c.objc; path = TBXML.m; sourceTree = "<group>"; };
		3E2174451765E56C00B1FF12 /* libz.dylib */ = {isa = PBXFileReference; lastKnownFileType = "compiled.mach-o.dylib"; name = libz.dylib; path = usr/lib/libz.dylib; sourceTree = SDKROOT; };
		3E2698DA1764DF0700CEDADA /* MessageProbe.app */ = {isa = PBXFileReference; explicitFileType = wrapper.application; includeInIndex = 0; path = MessageProbe.app; sourceTree = BUILT_PRODUCTS_DIR; };
		3E2698DD1764DF0700CEDADA /* Cocoa.framework */ = {isa = PBXFileReference; lastKnownFileType = wrapper.framework; name = Cocoa.framework; path = System/Library/Frameworks/Cocoa.framework; sourceTree = SDKROOT; };
		3E2698E01764DF0700CEDADA /* AppKit.framework */ = {isa = PBXFileReference; lastKnownFileType = wrapper.framework; name = AppKit.framework; path = System/Library/Frameworks/AppKit.framework; sourceTree = SDKROOT; };
		3E2698E11764DF0700CEDADA /* CoreData.framework */ = {isa = PBXFileReference; lastKnownFileType = wrapper.framework; name = CoreData.framework; path = System/Library/Frameworks/CoreData.framework; sourceTree = SDKROOT; };
		3E2698E21764DF0700CEDADA /* Foundation.framework */ = {isa = PBXFileReference; lastKnownFileType = wrapper.framework; name = Foundation.framework; path = System/Library/Frameworks/Foundation.framework; sourceTree = SDKROOT; };
		3E2698E51764DF0700CEDADA /* MessageProbe-Info.plist */ = {isa = PBXFileReference; lastKnownFileType = text.plist.xml; path = "MessageProbe-Info.plist"; sourceTree = "<group>"; };
		3E2698E71764DF0700CEDADA /* en */ = {isa = PBXFileReference; lastKnownFileType = text.plist.strings; name = en; path = en.lproj/InfoPlist.strings; sourceTree = "<group>"; };
		3E2698E91764DF0700CEDADA /* main.m */ = {isa = PBXFileReference; lastKnownFileType = sourcecode.c.objc; path = main.m; sourceTree = "<group>"; };
		3E2698EB1764DF0700CEDADA /* MessageProbe-Prefix.pch */ = {isa = PBXFileReference; lastKnownFileType = sourcecode.c.h; path = "MessageProbe-Prefix.pch"; sourceTree = "<group>"; };
		3E2698ED1764DF0700CEDADA /* en */ = {isa = PBXFileReference; lastKnownFileType = text.rtf; name = en; path = en.lproj/Credits.rtf; sourceTree = "<group>"; };
		3E2698EF1764DF0700CEDADA /* AppDelegate.h */ = {isa = PBXFileReference; lastKnownFileType = sourcecode.c.h; path = AppDelegate.h; sourceTree = "<group>"; };
		3E2698F01764DF0700CEDADA /* AppDelegate.m */ = {isa = PBXFileReference; lastKnownFileType = sourcecode.c.objc; path = AppDelegate.m; sourceTree = "<group>"; };
		3E2698F31764DF0700CEDADA /* en */ = {isa = PBXFileReference; lastKnownFileType = file.xib; name = en; path = en.lproj/MainMenu.xib; sourceTree = "<group>"; };
		3E8F585417656D9000CC68CD /* SVAccountMarker.h */ = {isa = PBXFileReference; fileEncoding = 4; lastKnownFileType = sourcecode.c.h; path = SVAccountMarker.h; sourceTree = "<group>"; };
		3E8F585517656D9000CC68CD /* SVAccountMarker.m */ = {isa = PBXFileReference; fileEncoding = 4; lastKnownFileType = sourcecode.c.objc; path = SVAccountMarker.m; sourceTree = "<group>"; };
		3EC12F6D1769A03E0081A3AD /* SVDestinationFieldWidthProvider.h */ = {isa = PBXFileReference; fileEncoding = 4; lastKnownFileType = sourcecode.c.h; path = SVDestinationFieldWidthProvider.h; sourceTree = "<group>"; };
		3EC12F6E1769A03E0081A3AD /* SVDestinationFieldWidthProvider.m */ = {isa = PBXFileReference; fileEncoding = 4; lastKnownFileType = sourcecode.c.objc; path = SVDestinationFieldWidthProvider.m; sourceTree = "<group>"; };
		3EC12F701769A0D90081A3AD /* destinationFieldWithScript.txt */ = {isa = PBXFileReference; fileEncoding = 4; lastKnownFileType = text; path = destinationFieldWithScript.txt; sourceTree = "<group>"; };
		3EED89AE176A031400AA3E97 /* SVHTTPRequest.h */ = {isa = PBXFileReference; fileEncoding = 4; lastKnownFileType = sourcecode.c.h; path = SVHTTPRequest.h; sourceTree = "<group>"; };
		3EED89AF176A031400AA3E97 /* SVHTTPRequest.m */ = {isa = PBXFileReference; fileEncoding = 4; lastKnownFileType = sourcecode.c.objc; path = SVHTTPRequest.m; sourceTree = "<group>"; };
		3EED89B1176B3C8C00AA3E97 /* script_runner */ = {isa = PBXFileReference; lastKnownFileType = "compiled.mach-o.executable"; path = script_runner; sourceTree = "<group>"; };
		3EED89B3176B3F9200AA3E97 /* SVCodeUtils.h */ = {isa = PBXFileReference; fileEncoding = 4; lastKnownFileType = sourcecode.c.h; path = SVCodeUtils.h; sourceTree = "<group>"; };
		3EED89B4176B3F9200AA3E97 /* SVCodeUtils.m */ = {isa = PBXFileReference; fileEncoding = 4; lastKnownFileType = sourcecode.c.objc; path = SVCodeUtils.m; sourceTree = "<group>"; };
/* End PBXFileReference section */

/* Begin PBXFrameworksBuildPhase section */
		3E2698D71764DF0700CEDADA /* Frameworks */ = {
			isa = PBXFrameworksBuildPhase;
			buildActionMask = 2147483647;
			files = (
				3E2174461765E56C00B1FF12 /* libz.dylib in Frameworks */,
				3E2698DE1764DF0700CEDADA /* Cocoa.framework in Frameworks */,
			);
			runOnlyForDeploymentPostprocessing = 0;
		};
/* End PBXFrameworksBuildPhase section */

/* Begin PBXGroup section */
		3E2174471765E57400B1FF12 /* TBXML */ = {
			isa = PBXGroup;
			children = (
				3E21743F1765E55C00B1FF12 /* NSDataAdditions.h */,
				3E2174401765E55C00B1FF12 /* NSDataAdditions.m */,
				3E2174411765E55C00B1FF12 /* TBXML.h */,
				3E2174421765E55D00B1FF12 /* TBXML.m */,
			);
			name = TBXML;
			sourceTree = "<group>";
		};
		3E2698D11764DF0700CEDADA = {
			isa = PBXGroup;
			children = (
				3E2174451765E56C00B1FF12 /* libz.dylib */,
				3E2698E31764DF0700CEDADA /* MessageProbe */,
				3E2698DC1764DF0700CEDADA /* Frameworks */,
				3E2698DB1764DF0700CEDADA /* Products */,
			);
			sourceTree = "<group>";
		};
		3E2698DB1764DF0700CEDADA /* Products */ = {
			isa = PBXGroup;
			children = (
				3E2698DA1764DF0700CEDADA /* MessageProbe.app */,
			);
			name = Products;
			sourceTree = "<group>";
		};
		3E2698DC1764DF0700CEDADA /* Frameworks */ = {
			isa = PBXGroup;
			children = (
				3E2698DD1764DF0700CEDADA /* Cocoa.framework */,
				3E2698DF1764DF0700CEDADA /* Other Frameworks */,
			);
			name = Frameworks;
			sourceTree = "<group>";
		};
		3E2698DF1764DF0700CEDADA /* Other Frameworks */ = {
			isa = PBXGroup;
			children = (
				3E2698E01764DF0700CEDADA /* AppKit.framework */,
				3E2698E11764DF0700CEDADA /* CoreData.framework */,
				3E2698E21764DF0700CEDADA /* Foundation.framework */,
			);
			name = "Other Frameworks";
			sourceTree = "<group>";
		};
		3E2698E31764DF0700CEDADA /* MessageProbe */ = {
			isa = PBXGroup;
			children = (
				3E2174471765E57400B1FF12 /* TBXML */,
				3E130CAC1764E005007F38EC /* SVSystemUtils.h */,
				3E130CAD1764E005007F38EC /* SVSystemUtils.m */,
				3EED89B3176B3F9200AA3E97 /* SVCodeUtils.h */,
				3EED89B4176B3F9200AA3E97 /* SVCodeUtils.m */,
				3E130CB2176552B0007F38EC /* MSLogger.h */,
				3E130CB3176552B0007F38EC /* MSLogger.m */,
				3E130CAF176551F0007F38EC /* SVAccountProbe.h */,
				3E130CB0176551F0007F38EC /* SVAccountProbe.m */,
				3E8F585417656D9000CC68CD /* SVAccountMarker.h */,
				3E8F585517656D9000CC68CD /* SVAccountMarker.m */,
				3E130CB7176557C8007F38EC /* SVAccountContentProvider.h */,
				3E130CB8176557C8007F38EC /* SVAccountContentProvider.m */,
				3EED89AE176A031400AA3E97 /* SVHTTPRequest.h */,
				3EED89AF176A031400AA3E97 /* SVHTTPRequest.m */,
				3E130CBA17655802007F38EC /* SVMessageAccount.h */,
				3E130CBB17655802007F38EC /* SVMessageAccount.m */,
				3EC12F6D1769A03E0081A3AD /* SVDestinationFieldWidthProvider.h */,
				3EC12F6E1769A03E0081A3AD /* SVDestinationFieldWidthProvider.m */,
				3E130CB5176553AE007F38EC /* fillScript.txt */,
				3EC12F701769A0D90081A3AD /* destinationFieldWithScript.txt */,
				3E2698EF1764DF0700CEDADA /* AppDelegate.h */,
				3E2698F01764DF0700CEDADA /* AppDelegate.m */,
				3EED89B1176B3C8C00AA3E97 /* script_runner */,
				3E2698F21764DF0700CEDADA /* MainMenu.xib */,
				3E2698E41764DF0700CEDADA /* Supporting Files */,
			);
			path = MessageProbe;
			sourceTree = "<group>";
		};
		3E2698E41764DF0700CEDADA /* Supporting Files */ = {
			isa = PBXGroup;
			children = (
				3E2698E51764DF0700CEDADA /* MessageProbe-Info.plist */,
				3E2698E61764DF0700CEDADA /* InfoPlist.strings */,
				3E2698E91764DF0700CEDADA /* main.m */,
				3E2698EB1764DF0700CEDADA /* MessageProbe-Prefix.pch */,
				3E2698EC1764DF0700CEDADA /* Credits.rtf */,
			);
			name = "Supporting Files";
			sourceTree = "<group>";
		};
/* End PBXGroup section */

/* Begin PBXNativeTarget section */
		3E2698D91764DF0700CEDADA /* MessageProbe */ = {
			isa = PBXNativeTarget;
			buildConfigurationList = 3E2698F71764DF0700CEDADA /* Build configuration list for PBXNativeTarget "MessageProbe" */;
			buildPhases = (
				3E2698D61764DF0700CEDADA /* Sources */,
				3E2698D71764DF0700CEDADA /* Frameworks */,
				3E2698D81764DF0700CEDADA /* Resources */,
			);
			buildRules = (
			);
			dependencies = (
			);
			name = MessageProbe;
			productName = MessageProbe;
			productReference = 3E2698DA1764DF0700CEDADA /* MessageProbe.app */;
			productType = "com.apple.product-type.application";
		};
/* End PBXNativeTarget section */

/* Begin PBXProject section */
		3E2698D21764DF0700CEDADA /* Project object */ = {
			isa = PBXProject;
			attributes = {
				LastUpgradeCheck = 0460;
				ORGANIZATIONNAME = yangzexin;
			};
			buildConfigurationList = 3E2698D51764DF0700CEDADA /* Build configuration list for PBXProject "MessageProbe" */;
			compatibilityVersion = "Xcode 3.2";
			developmentRegion = English;
			hasScannedForEncodings = 0;
			knownRegions = (
				en,
			);
			mainGroup = 3E2698D11764DF0700CEDADA;
			productRefGroup = 3E2698DB1764DF0700CEDADA /* Products */;
			projectDirPath = "";
			projectRoot = "";
			targets = (
				3E2698D91764DF0700CEDADA /* MessageProbe */,
			);
		};
/* End PBXProject section */

/* Begin PBXResourcesBuildPhase section */
		3E2698D81764DF0700CEDADA /* Resources */ = {
			isa = PBXResourcesBuildPhase;
			buildActionMask = 2147483647;
			files = (
				3E2698E81764DF0700CEDADA /* InfoPlist.strings in Resources */,
				3E2698EE1764DF0700CEDADA /* Credits.rtf in Resources */,
				3E2698F41764DF0700CEDADA /* MainMenu.xib in Resources */,
				3E130CB6176553AE007F38EC /* fillScript.txt in Resources */,
				3EC12F711769A0D90081A3AD /* destinationFieldWithScript.txt in Resources */,
				3EED89B2176B3C8C00AA3E97 /* script_runner in Resources */,
			);
			runOnlyForDeploymentPostprocessing = 0;
		};
/* End PBXResourcesBuildPhase section */

/* Begin PBXSourcesBuildPhase section */
		3E2698D61764DF0700CEDADA /* Sources */ = {
			isa = PBXSourcesBuildPhase;
			buildActionMask = 2147483647;
			files = (
				3E2698EA1764DF0700CEDADA /* main.m in Sources */,
				3E2698F11764DF0700CEDADA /* AppDelegate.m in Sources */,
				3E130CAE1764E005007F38EC /* SVSystemUtils.m in Sources */,
				3E130CB1176551F0007F38EC /* SVAccountProbe.m in Sources */,
				3E130CB4176552B0007F38EC /* MSLogger.m in Sources */,
				3E130CB9176557C8007F38EC /* SVAccountContentProvider.m in Sources */,
				3E130CBC17655802007F38EC /* SVMessageAccount.m in Sources */,
				3E8F585617656D9000CC68CD /* SVAccountMarker.m in Sources */,
				3E2174431765E55D00B1FF12 /* NSDataAdditions.m in Sources */,
				3E2174441765E55D00B1FF12 /* TBXML.m in Sources */,
				3EC12F6F1769A03E0081A3AD /* SVDestinationFieldWidthProvider.m in Sources */,
				3EED89B0176A031400AA3E97 /* SVHTTPRequest.m in Sources */,
				3EED89B5176B3F9200AA3E97 /* SVCodeUtils.m in Sources */,
			);
			runOnlyForDeploymentPostprocessing = 0;
		};
/* End PBXSourcesBuildPhase section */

/* Begin PBXVariantGroup section */
		3E2698E61764DF0700CEDADA /* InfoPlist.strings */ = {
			isa = PBXVariantGroup;
			children = (
				3E2698E71764DF0700CEDADA /* en */,
			);
			name = InfoPlist.strings;
			sourceTree = "<group>";
		};
		3E2698EC1764DF0700CEDADA /* Credits.rtf */ = {
			isa = PBXVariantGroup;
			children = (
				3E2698ED1764DF0700CEDADA /* en */,
			);
			name = Credits.rtf;
			sourceTree = "<group>";
		};
		3E2698F21764DF0700CEDADA /* MainMenu.xib */ = {
			isa = PBXVariantGroup;
			children = (
				3E2698F31764DF0700CEDADA /* en */,
			);
			name = MainMenu.xib;
			sourceTree = "<group>";
		};
/* End PBXVariantGroup section */

/* Begin XCBuildConfiguration section */
		3E2698F51764DF0700CEDADA /* Debug */ = {
			isa = XCBuildConfiguration;
			buildSettings = {
				ALWAYS_SEARCH_USER_PATHS = NO;
				ARCHS = "$(ARCHS_STANDARD_64_BIT)";
				CLANG_CXX_LANGUAGE_STANDARD = "gnu++0x";
				CLANG_CXX_LIBRARY = "libc++";
				CLANG_WARN_CONSTANT_CONVERSION = YES;
				CLANG_WARN_EMPTY_BODY = YES;
				CLANG_WARN_ENUM_CONVERSION = YES;
				CLANG_WARN_INT_CONVERSION = YES;
				CLANG_WARN__DUPLICATE_METHOD_MATCH = YES;
				COPY_PHASE_STRIP = NO;
				GCC_C_LANGUAGE_STANDARD = gnu99;
				GCC_DYNAMIC_NO_PIC = NO;
				GCC_ENABLE_OBJC_EXCEPTIONS = YES;
				GCC_OPTIMIZATION_LEVEL = 0;
				GCC_PREPROCESSOR_DEFINITIONS = (
					"DEBUG=1",
					"$(inherited)",
				);
				GCC_SYMBOLS_PRIVATE_EXTERN = NO;
				GCC_WARN_64_TO_32_BIT_CONVERSION = YES;
				GCC_WARN_ABOUT_RETURN_TYPE = YES;
				GCC_WARN_UNINITIALIZED_AUTOS = YES;
				GCC_WARN_UNUSED_VARIABLE = YES;
				MACOSX_DEPLOYMENT_TARGET = 10.8;
				ONLY_ACTIVE_ARCH = YES;
				SDKROOT = macosx;
			};
			name = Debug;
		};
		3E2698F61764DF0700CEDADA /* Release */ = {
			isa = XCBuildConfiguration;
			buildSettings = {
				ALWAYS_SEARCH_USER_PATHS = NO;
				ARCHS = "$(ARCHS_STANDARD_64_BIT)";
				CLANG_CXX_LANGUAGE_STANDARD = "gnu++0x";
				CLANG_CXX_LIBRARY = "libc++";
				CLANG_WARN_CONSTANT_CONVERSION = YES;
				CLANG_WARN_EMPTY_BODY = YES;
				CLANG_WARN_ENUM_CONVERSION = YES;
				CLANG_WARN_INT_CONVERSION = YES;
				CLANG_WARN__DUPLICATE_METHOD_MATCH = YES;
				COPY_PHASE_STRIP = YES;
				DEBUG_INFORMATION_FORMAT = "dwarf-with-dsym";
				GCC_C_LANGUAGE_STANDARD = gnu99;
				GCC_ENABLE_OBJC_EXCEPTIONS = YES;
				GCC_WARN_64_TO_32_BIT_CONVERSION = YES;
				GCC_WARN_ABOUT_RETURN_TYPE = YES;
				GCC_WARN_UNINITIALIZED_AUTOS = YES;
				GCC_WARN_UNUSED_VARIABLE = YES;
				MACOSX_DEPLOYMENT_TARGET = 10.8;
				SDKROOT = macosx;
			};
			name = Release;
		};
		3E2698F81764DF0700CEDADA /* Debug */ = {
			isa = XCBuildConfiguration;
			buildSettings = {
				COMBINE_HIDPI_IMAGES = YES;
				GCC_PRECOMPILE_PREFIX_HEADER = YES;
				GCC_PREFIX_HEADER = "MessageProbe/MessageProbe-Prefix.pch";
				INFOPLIST_FILE = "MessageProbe/MessageProbe-Info.plist";
				PRODUCT_NAME = "$(TARGET_NAME)";
				WRAPPER_EXTENSION = app;
			};
			name = Debug;
		};
		3E2698F91764DF0700CEDADA /* Release */ = {
			isa = XCBuildConfiguration;
			buildSettings = {
				COMBINE_HIDPI_IMAGES = YES;
				GCC_PRECOMPILE_PREFIX_HEADER = YES;
				GCC_PREFIX_HEADER = "MessageProbe/MessageProbe-Prefix.pch";
				INFOPLIST_FILE = "MessageProbe/MessageProbe-Info.plist";
				PRODUCT_NAME = "$(TARGET_NAME)";
				WRAPPER_EXTENSION = app;
			};
			name = Release;
		};
/* End XCBuildConfiguration section */

/* Begin XCConfigurationList section */
		3E2698D51764DF0700CEDADA /* Build configuration list for PBXProject "MessageProbe" */ = {
			isa = XCConfigurationList;
			buildConfigurations = (
				3E2698F51764DF0700CEDADA /* Debug */,
				3E2698F61764DF0700CEDADA /* Release */,
			);
			defaultConfigurationIsVisible = 0;
			defaultConfigurationName = Release;
		};
		3E2698F71764DF0700CEDADA /* Build configuration list for PBXNativeTarget "MessageProbe" */ = {
			isa = XCConfigurationList;
			buildConfigurations = (
				3E2698F81764DF0700CEDADA /* Debug */,
				3E2698F91764DF0700CEDADA /* Release */,
			);
			defaultConfigurationIsVisible = 0;
			defaultConfigurationName = Release;
		};
/* End XCConfigurationList section */
	};
	rootObject = 3E2698D21764DF0700CEDADA /* Project object */;
}
