// !$*UTF8*$!
{
	archiveVersion = 1;
	classes = {
	};
	objectVersion = 46;
	objects = {

/* Begin PBXBuildFile section */
		3E2CEFA0175638B500D7775C /* Foundation.framework in Frameworks */ = {isa = PBXBuildFile; fileRef = 3EBE0EF8174C621400FB6E9E /* Foundation.framework */; };
		3E2CEFA3175638B500D7775C /* main.m in Sources */ = {isa = PBXBuildFile; fileRef = 3E2CEFA2175638B500D7775C /* main.m */; };
		3E2CEFA7175638B500D7775C /* Tests.1 in CopyFiles */ = {isa = PBXBuildFile; fileRef = 3E2CEFA6175638B500D7775C /* Tests.1 */; };
		3E2D6B3E171C30F4007E3078 /* MSAsyncScriptMessageSender.m in Sources */ = {isa = PBXBuildFile; fileRef = 3E2D6B3D171C30F4007E3078 /* MSAsyncScriptMessageSender.m */; };
		3E2E35FA17168A660072625D /* Cocoa.framework in Frameworks */ = {isa = PBXBuildFile; fileRef = 3E2E35F917168A660072625D /* Cocoa.framework */; };
		3E2E360417168A660072625D /* InfoPlist.strings in Resources */ = {isa = PBXBuildFile; fileRef = 3E2E360217168A660072625D /* InfoPlist.strings */; };
		3E2E360617168A660072625D /* main.m in Sources */ = {isa = PBXBuildFile; fileRef = 3E2E360517168A660072625D /* main.m */; };
		3E2E360A17168A660072625D /* Credits.rtf in Resources */ = {isa = PBXBuildFile; fileRef = 3E2E360817168A660072625D /* Credits.rtf */; };
		3E2E360D17168A660072625D /* MSAppDelegate.m in Sources */ = {isa = PBXBuildFile; fileRef = 3E2E360C17168A660072625D /* MSAppDelegate.m */; };
		3E2E361B1716947B0072625D /* MSConsoleController.m in Sources */ = {isa = PBXBuildFile; fileRef = 3E2E361A1716947B0072625D /* MSConsoleController.m */; };
		3E2E36231716995A0072625D /* Main.xib in Resources */ = {isa = PBXBuildFile; fileRef = 3E2E36221716995A0072625D /* Main.xib */; };
		3E2E362517169CA00072625D /* Console.xib in Resources */ = {isa = PBXBuildFile; fileRef = 3E2E362417169CA00072625D /* Console.xib */; };
		3E4766641763216600C25379 /* imessage_checklogin.txt in Resources */ = {isa = PBXBuildFile; fileRef = 3E92526317185DC7006F8991 /* imessage_checklogin.txt */; };
		3E4766651763216600C25379 /* imessage_logout.txt in Resources */ = {isa = PBXBuildFile; fileRef = 3E92526417185DC7006F8991 /* imessage_logout.txt */; };
		3E4766661763216600C25379 /* imessage_send.txt in Resources */ = {isa = PBXBuildFile; fileRef = 3E92526717185DC7006F8991 /* imessage_send.txt */; };
		3E5EA65317183929001AC27F /* MSLogger.m in Sources */ = {isa = PBXBuildFile; fileRef = 3E5EA65017183929001AC27F /* MSLogger.m */; };
		3E5EA65417183929001AC27F /* SVCodeUtils.m in Sources */ = {isa = PBXBuildFile; fileRef = 3E5EA65217183929001AC27F /* SVCodeUtils.m */; };
		3E7431131727BD31004215B7 /* MSDistributeCenterMessageDAO.m in Sources */ = {isa = PBXBuildFile; fileRef = 3E7431121727BD31004215B7 /* MSDistributeCenterMessageDAO.m */; };
		3E7A5FC51717DCF500E7EB4F /* MSScriptMessageSenderCallbackListener.m in Sources */ = {isa = PBXBuildFile; fileRef = 3E7A5FC41717DCF500E7EB4F /* MSScriptMessageSenderCallbackListener.m */; };
		3E7A5FDA1717FE0300E7EB4F /* MSAppleScriptRunner.m in Sources */ = {isa = PBXBuildFile; fileRef = 3E7A5FD91717FE0300E7EB4F /* MSAppleScriptRunner.m */; };
		3E92526B17185DC7006F8991 /* imessage_msg_sent_callback.scpt in Resources */ = {isa = PBXBuildFile; fileRef = 3E92526517185DC7006F8991 /* imessage_msg_sent_callback.scpt */; };
		3EBA8C65171CE31C009866B2 /* MSAsyncMessageSender.m in Sources */ = {isa = PBXBuildFile; fileRef = 3EBA8C64171CE31C009866B2 /* MSAsyncMessageSender.m */; };
		3EBA8C6B171CE5BF009866B2 /* MSAsyncCheckLoginer.m in Sources */ = {isa = PBXBuildFile; fileRef = 3EBA8C6A171CE5BE009866B2 /* MSAsyncCheckLoginer.m */; };
		3EBE0EF9174C621400FB6E9E /* Foundation.framework in Frameworks */ = {isa = PBXBuildFile; fileRef = 3EBE0EF8174C621400FB6E9E /* Foundation.framework */; };
		3EBE0EFC174C621400FB6E9E /* main.m in Sources */ = {isa = PBXBuildFile; fileRef = 3EBE0EFB174C621400FB6E9E /* main.m */; };
		3EBE0F00174C621400FB6E9E /* ScriptEncrypter.1 in CopyFiles */ = {isa = PBXBuildFile; fileRef = 3EBE0EFF174C621400FB6E9E /* ScriptEncrypter.1 */; };
		3EBE0F04174C632400FB6E9E /* SVCodeUtils.m in Sources */ = {isa = PBXBuildFile; fileRef = 3E5EA65217183929001AC27F /* SVCodeUtils.m */; };
		3EC139D21717A80900BA6D1B /* MSCommon.m in Sources */ = {isa = PBXBuildFile; fileRef = 3EC139D11717A80900BA6D1B /* MSCommon.m */; };
		3EED89B9176B673D00AA3E97 /* imessage_checklogin_.txt in Resources */ = {isa = PBXBuildFile; fileRef = 3EED89B6176B673D00AA3E97 /* imessage_checklogin_.txt */; };
		3EED89BA176B673D00AA3E97 /* imessage_logout_.txt in Resources */ = {isa = PBXBuildFile; fileRef = 3EED89B7176B673D00AA3E97 /* imessage_logout_.txt */; };
		3EED89BB176B673D00AA3E97 /* imessage_send_.txt in Resources */ = {isa = PBXBuildFile; fileRef = 3EED89B8176B673D00AA3E97 /* imessage_send_.txt */; };
		3EED89BE176B675100AA3E97 /* sendMsgByKeyControl.scpt in Resources */ = {isa = PBXBuildFile; fileRef = 3EED89BC176B675100AA3E97 /* sendMsgByKeyControl.scpt */; };
		3EED89BF176B675100AA3E97 /* sendMsgBySet.scpt in Resources */ = {isa = PBXBuildFile; fileRef = 3EED89BD176B675100AA3E97 /* sendMsgBySet.scpt */; };
		3EED89C1176B676700AA3E97 /* messageslave.icns in Resources */ = {isa = PBXBuildFile; fileRef = 3EED89C0176B676700AA3E97 /* messageslave.icns */; };
		3EF0098B172D001700D8849A /* MSTxtMessageDao.m in Sources */ = {isa = PBXBuildFile; fileRef = 3EF0098A172D001700D8849A /* MSTxtMessageDao.m */; };
		3EFB0A961716BB3600AD700A /* MSMessage.m in Sources */ = {isa = PBXBuildFile; fileRef = 3EFB0A951716BB3600AD700A /* MSMessage.m */; };
		3EFB0A9C1716C2EB00AD700A /* MSMessageDAO.m in Sources */ = {isa = PBXBuildFile; fileRef = 3EFB0A9B1716C2EB00AD700A /* MSMessageDAO.m */; };
		3EFB0A9F1716C39C00AD700A /* MSAppleID.m in Sources */ = {isa = PBXBuildFile; fileRef = 3EFB0A9E1716C39C00AD700A /* MSAppleID.m */; };
		3EFB0AA21716C45A00AD700A /* MSAppleIdDAO.m in Sources */ = {isa = PBXBuildFile; fileRef = 3EFB0AA11716C45A00AD700A /* MSAppleIdDAO.m */; };
		3EFB0AA91716C63600AD700A /* MSScriptMessageSender.m in Sources */ = {isa = PBXBuildFile; fileRef = 3EFB0AA81716C63600AD700A /* MSScriptMessageSender.m */; };
		3EFB0AAC1716C64A00AD700A /* MSMessageSender.m in Sources */ = {isa = PBXBuildFile; fileRef = 3EFB0AAB1716C64A00AD700A /* MSMessageSender.m */; };
		3EFB0AB01716C72E00AD700A /* MSMessagePreemptiveSender.m in Sources */ = {isa = PBXBuildFile; fileRef = 3EFB0AAF1716C72E00AD700A /* MSMessagePreemptiveSender.m */; };
		3EFB0AB31716C84400AD700A /* MSTestMessageDAO.m in Sources */ = {isa = PBXBuildFile; fileRef = 3EFB0AB21716C84400AD700A /* MSTestMessageDAO.m */; };
		3EFB0AB61716C9D600AD700A /* MSTestAppleIdDAO.m in Sources */ = {isa = PBXBuildFile; fileRef = 3EFB0AB51716C9D600AD700A /* MSTestAppleIdDAO.m */; };
/* End PBXBuildFile section */

/* Begin PBXCopyFilesBuildPhase section */
		3E2CEF9D175638B500D7775C /* CopyFiles */ = {
			isa = PBXCopyFilesBuildPhase;
			buildActionMask = 2147483647;
			dstPath = /usr/share/man/man1/;
			dstSubfolderSpec = 0;
			files = (
				3E2CEFA7175638B500D7775C /* Tests.1 in CopyFiles */,
			);
			runOnlyForDeploymentPostprocessing = 1;
		};
		3EBE0EF5174C621400FB6E9E /* CopyFiles */ = {
			isa = PBXCopyFilesBuildPhase;
			buildActionMask = 2147483647;
			dstPath = /usr/share/man/man1/;
			dstSubfolderSpec = 0;
			files = (
				3EBE0F00174C621400FB6E9E /* ScriptEncrypter.1 in CopyFiles */,
			);
			runOnlyForDeploymentPostprocessing = 1;
		};
/* End PBXCopyFilesBuildPhase section */

/* Begin PBXFileReference section */
		3E2CEF9F175638B500D7775C /* Tests */ = {isa = PBXFileReference; explicitFileType = "compiled.mach-o.executable"; includeInIndex = 0; path = Tests; sourceTree = BUILT_PRODUCTS_DIR; };
		3E2CEFA2175638B500D7775C /* main.m */ = {isa = PBXFileReference; lastKnownFileType = sourcecode.c.objc; path = main.m; sourceTree = "<group>"; };
		3E2CEFA5175638B500D7775C /* Tests-Prefix.pch */ = {isa = PBXFileReference; lastKnownFileType = sourcecode.c.h; path = "Tests-Prefix.pch"; sourceTree = "<group>"; };
		3E2CEFA6175638B500D7775C /* Tests.1 */ = {isa = PBXFileReference; lastKnownFileType = text.man; path = Tests.1; sourceTree = "<group>"; };
		3E2D6B3C171C30F4007E3078 /* MSAsyncScriptMessageSender.h */ = {isa = PBXFileReference; fileEncoding = 4; lastKnownFileType = sourcecode.c.h; name = MSAsyncScriptMessageSender.h; path = MessageSlave/MSAsyncScriptMessageSender.h; sourceTree = "<group>"; };
		3E2D6B3D171C30F4007E3078 /* MSAsyncScriptMessageSender.m */ = {isa = PBXFileReference; fileEncoding = 4; lastKnownFileType = sourcecode.c.objc; name = MSAsyncScriptMessageSender.m; path = MessageSlave/MSAsyncScriptMessageSender.m; sourceTree = "<group>"; };
		3E2E35F617168A660072625D /* MessageSlave.app */ = {isa = PBXFileReference; explicitFileType = wrapper.application; includeInIndex = 0; path = MessageSlave.app; sourceTree = BUILT_PRODUCTS_DIR; };
		3E2E35F917168A660072625D /* Cocoa.framework */ = {isa = PBXFileReference; lastKnownFileType = wrapper.framework; name = Cocoa.framework; path = System/Library/Frameworks/Cocoa.framework; sourceTree = SDKROOT; };
		3E2E35FC17168A660072625D /* AppKit.framework */ = {isa = PBXFileReference; lastKnownFileType = wrapper.framework; name = AppKit.framework; path = System/Library/Frameworks/AppKit.framework; sourceTree = SDKROOT; };
		3E2E35FD17168A660072625D /* CoreData.framework */ = {isa = PBXFileReference; lastKnownFileType = wrapper.framework; name = CoreData.framework; path = System/Library/Frameworks/CoreData.framework; sourceTree = SDKROOT; };
		3E2E35FE17168A660072625D /* Foundation.framework */ = {isa = PBXFileReference; lastKnownFileType = wrapper.framework; name = Foundation.framework; path = System/Library/Frameworks/Foundation.framework; sourceTree = SDKROOT; };
		3E2E360117168A660072625D /* MessageSlave-Info.plist */ = {isa = PBXFileReference; lastKnownFileType = text.plist.xml; path = "MessageSlave-Info.plist"; sourceTree = "<group>"; };
		3E2E360317168A660072625D /* en */ = {isa = PBXFileReference; lastKnownFileType = text.plist.strings; name = en; path = en.lproj/InfoPlist.strings; sourceTree = "<group>"; };
		3E2E360517168A660072625D /* main.m */ = {isa = PBXFileReference; lastKnownFileType = sourcecode.c.objc; path = main.m; sourceTree = "<group>"; };
		3E2E360717168A660072625D /* MessageSlave-Prefix.pch */ = {isa = PBXFileReference; lastKnownFileType = sourcecode.c.h; path = "MessageSlave-Prefix.pch"; sourceTree = "<group>"; };
		3E2E360917168A660072625D /* en */ = {isa = PBXFileReference; lastKnownFileType = text.rtf; name = en; path = en.lproj/Credits.rtf; sourceTree = "<group>"; };
		3E2E360B17168A660072625D /* MSAppDelegate.h */ = {isa = PBXFileReference; lastKnownFileType = sourcecode.c.h; path = MSAppDelegate.h; sourceTree = "<group>"; };
		3E2E360C17168A660072625D /* MSAppDelegate.m */ = {isa = PBXFileReference; lastKnownFileType = sourcecode.c.objc; path = MSAppDelegate.m; sourceTree = "<group>"; };
		3E2E36191716947B0072625D /* MSConsoleController.h */ = {isa = PBXFileReference; fileEncoding = 4; lastKnownFileType = sourcecode.c.h; path = MSConsoleController.h; sourceTree = "<group>"; };
		3E2E361A1716947B0072625D /* MSConsoleController.m */ = {isa = PBXFileReference; fileEncoding = 4; lastKnownFileType = sourcecode.c.objc; path = MSConsoleController.m; sourceTree = "<group>"; };
		3E2E36221716995A0072625D /* Main.xib */ = {isa = PBXFileReference; fileEncoding = 4; lastKnownFileType = file.xib; name = Main.xib; path = MessageSlave/Main.xib; sourceTree = "<group>"; };
		3E2E362417169CA00072625D /* Console.xib */ = {isa = PBXFileReference; fileEncoding = 4; lastKnownFileType = file.xib; name = Console.xib; path = MessageSlave/Console.xib; sourceTree = "<group>"; };
		3E5EA64F17183929001AC27F /* MSLogger.h */ = {isa = PBXFileReference; fileEncoding = 4; lastKnownFileType = sourcecode.c.h; name = MSLogger.h; path = MessageSlave/MSLogger.h; sourceTree = "<group>"; };
		3E5EA65017183929001AC27F /* MSLogger.m */ = {isa = PBXFileReference; fileEncoding = 4; lastKnownFileType = sourcecode.c.objc; name = MSLogger.m; path = MessageSlave/MSLogger.m; sourceTree = "<group>"; };
		3E5EA65117183929001AC27F /* SVCodeUtils.h */ = {isa = PBXFileReference; fileEncoding = 4; lastKnownFileType = sourcecode.c.h; name = SVCodeUtils.h; path = MessageSlave/SVCodeUtils.h; sourceTree = "<group>"; };
		3E5EA65217183929001AC27F /* SVCodeUtils.m */ = {isa = PBXFileReference; fileEncoding = 4; lastKnownFileType = sourcecode.c.objc; name = SVCodeUtils.m; path = MessageSlave/SVCodeUtils.m; sourceTree = "<group>"; };
		3E7431111727BD31004215B7 /* MSDistributeCenterMessageDAO.h */ = {isa = PBXFileReference; fileEncoding = 4; lastKnownFileType = sourcecode.c.h; path = MSDistributeCenterMessageDAO.h; sourceTree = "<group>"; };
		3E7431121727BD31004215B7 /* MSDistributeCenterMessageDAO.m */ = {isa = PBXFileReference; fileEncoding = 4; lastKnownFileType = sourcecode.c.objc; path = MSDistributeCenterMessageDAO.m; sourceTree = "<group>"; };
		3E7A5FC31717DCF500E7EB4F /* MSScriptMessageSenderCallbackListener.h */ = {isa = PBXFileReference; fileEncoding = 4; lastKnownFileType = sourcecode.c.h; name = MSScriptMessageSenderCallbackListener.h; path = MessageSlave/MSScriptMessageSenderCallbackListener.h; sourceTree = "<group>"; };
		3E7A5FC41717DCF500E7EB4F /* MSScriptMessageSenderCallbackListener.m */ = {isa = PBXFileReference; fileEncoding = 4; lastKnownFileType = sourcecode.c.objc; name = MSScriptMessageSenderCallbackListener.m; path = MessageSlave/MSScriptMessageSenderCallbackListener.m; sourceTree = "<group>"; };
		3E7A5FD81717FE0300E7EB4F /* MSAppleScriptRunner.h */ = {isa = PBXFileReference; fileEncoding = 4; lastKnownFileType = sourcecode.c.h; path = MSAppleScriptRunner.h; sourceTree = "<group>"; };
		3E7A5FD91717FE0300E7EB4F /* MSAppleScriptRunner.m */ = {isa = PBXFileReference; fileEncoding = 4; lastKnownFileType = sourcecode.c.objc; path = MSAppleScriptRunner.m; sourceTree = "<group>"; };
		3E92526217185DC7006F8991 /* AppleScriptRunner */ = {isa = PBXFileReference; lastKnownFileType = "compiled.mach-o.executable"; name = AppleScriptRunner; path = Resources/AppleScriptRunner; sourceTree = "<group>"; };
		3E92526317185DC7006F8991 /* imessage_checklogin.txt */ = {isa = PBXFileReference; fileEncoding = 4; lastKnownFileType = text; name = imessage_checklogin.txt; path = Resources/imessage_checklogin.txt; sourceTree = "<group>"; };
		3E92526417185DC7006F8991 /* imessage_logout.txt */ = {isa = PBXFileReference; fileEncoding = 4; lastKnownFileType = text; name = imessage_logout.txt; path = Resources/imessage_logout.txt; sourceTree = "<group>"; };
		3E92526517185DC7006F8991 /* imessage_msg_sent_callback.scpt */ = {isa = PBXFileReference; lastKnownFileType = file; name = imessage_msg_sent_callback.scpt; path = Resources/imessage_msg_sent_callback.scpt; sourceTree = "<group>"; };
		3E92526617185DC7006F8991 /* imessage_msg_sent_callback.txt */ = {isa = PBXFileReference; fileEncoding = 4; lastKnownFileType = text; name = imessage_msg_sent_callback.txt; path = Resources/imessage_msg_sent_callback.txt; sourceTree = "<group>"; };
		3E92526717185DC7006F8991 /* imessage_send.txt */ = {isa = PBXFileReference; fileEncoding = 4; lastKnownFileType = text; name = imessage_send.txt; path = Resources/imessage_send.txt; sourceTree = "<group>"; xcLanguageSpecificationIdentifier = xcode.lang.applescript; };
		3EBA8C63171CE31B009866B2 /* MSAsyncMessageSender.h */ = {isa = PBXFileReference; fileEncoding = 4; lastKnownFileType = sourcecode.c.h; path = MSAsyncMessageSender.h; sourceTree = "<group>"; };
		3EBA8C64171CE31C009866B2 /* MSAsyncMessageSender.m */ = {isa = PBXFileReference; fileEncoding = 4; lastKnownFileType = sourcecode.c.objc; path = MSAsyncMessageSender.m; sourceTree = "<group>"; };
		3EBA8C69171CE5BE009866B2 /* MSAsyncCheckLoginer.h */ = {isa = PBXFileReference; fileEncoding = 4; lastKnownFileType = sourcecode.c.h; path = MSAsyncCheckLoginer.h; sourceTree = "<group>"; };
		3EBA8C6A171CE5BE009866B2 /* MSAsyncCheckLoginer.m */ = {isa = PBXFileReference; fileEncoding = 4; lastKnownFileType = sourcecode.c.objc; path = MSAsyncCheckLoginer.m; sourceTree = "<group>"; };
		3EBE0EF7174C621400FB6E9E /* ScriptEncrypter */ = {isa = PBXFileReference; explicitFileType = "compiled.mach-o.executable"; includeInIndex = 0; path = ScriptEncrypter; sourceTree = BUILT_PRODUCTS_DIR; };
		3EBE0EF8174C621400FB6E9E /* Foundation.framework */ = {isa = PBXFileReference; lastKnownFileType = wrapper.framework; name = Foundation.framework; path = System/Library/Frameworks/Foundation.framework; sourceTree = SDKROOT; };
		3EBE0EFB174C621400FB6E9E /* main.m */ = {isa = PBXFileReference; lastKnownFileType = sourcecode.c.objc; path = main.m; sourceTree = "<group>"; };
		3EBE0EFE174C621400FB6E9E /* ScriptEncrypter-Prefix.pch */ = {isa = PBXFileReference; lastKnownFileType = sourcecode.c.h; path = "ScriptEncrypter-Prefix.pch"; sourceTree = "<group>"; };
		3EBE0EFF174C621400FB6E9E /* ScriptEncrypter.1 */ = {isa = PBXFileReference; lastKnownFileType = text.man; path = ScriptEncrypter.1; sourceTree = "<group>"; };
		3EC139D01717A80900BA6D1B /* MSCommon.h */ = {isa = PBXFileReference; fileEncoding = 4; lastKnownFileType = sourcecode.c.h; path = MSCommon.h; sourceTree = "<group>"; };
		3EC139D11717A80900BA6D1B /* MSCommon.m */ = {isa = PBXFileReference; fileEncoding = 4; lastKnownFileType = sourcecode.c.objc; path = MSCommon.m; sourceTree = "<group>"; };
		3EED89B6176B673D00AA3E97 /* imessage_checklogin_.txt */ = {isa = PBXFileReference; fileEncoding = 4; lastKnownFileType = text; name = imessage_checklogin_.txt; path = Resources/imessage_checklogin_.txt; sourceTree = "<group>"; };
		3EED89B7176B673D00AA3E97 /* imessage_logout_.txt */ = {isa = PBXFileReference; fileEncoding = 4; lastKnownFileType = text; name = imessage_logout_.txt; path = Resources/imessage_logout_.txt; sourceTree = "<group>"; };
		3EED89B8176B673D00AA3E97 /* imessage_send_.txt */ = {isa = PBXFileReference; fileEncoding = 4; lastKnownFileType = text; name = imessage_send_.txt; path = Resources/imessage_send_.txt; sourceTree = "<group>"; };
		3EED89BC176B675100AA3E97 /* sendMsgByKeyControl.scpt */ = {isa = PBXFileReference; lastKnownFileType = file; name = sendMsgByKeyControl.scpt; path = Resources/sendMsgByKeyControl.scpt; sourceTree = "<group>"; };
		3EED89BD176B675100AA3E97 /* sendMsgBySet.scpt */ = {isa = PBXFileReference; lastKnownFileType = file; name = sendMsgBySet.scpt; path = Resources/sendMsgBySet.scpt; sourceTree = "<group>"; };
		3EED89C0176B676700AA3E97 /* messageslave.icns */ = {isa = PBXFileReference; lastKnownFileType = image.icns; path = messageslave.icns; sourceTree = "<group>"; };
		3EF00989172D001700D8849A /* MSTxtMessageDao.h */ = {isa = PBXFileReference; fileEncoding = 4; lastKnownFileType = sourcecode.c.h; path = MSTxtMessageDao.h; sourceTree = "<group>"; };
		3EF0098A172D001700D8849A /* MSTxtMessageDao.m */ = {isa = PBXFileReference; fileEncoding = 4; lastKnownFileType = sourcecode.c.objc; path = MSTxtMessageDao.m; sourceTree = "<group>"; };
		3EFB0A941716BB3600AD700A /* MSMessage.h */ = {isa = PBXFileReference; fileEncoding = 4; lastKnownFileType = sourcecode.c.h; path = MSMessage.h; sourceTree = "<group>"; };
		3EFB0A951716BB3600AD700A /* MSMessage.m */ = {isa = PBXFileReference; fileEncoding = 4; lastKnownFileType = sourcecode.c.objc; path = MSMessage.m; sourceTree = "<group>"; };
		3EFB0A9A1716C2EB00AD700A /* MSMessageDAO.h */ = {isa = PBXFileReference; fileEncoding = 4; lastKnownFileType = sourcecode.c.h; path = MSMessageDAO.h; sourceTree = "<group>"; };
		3EFB0A9B1716C2EB00AD700A /* MSMessageDAO.m */ = {isa = PBXFileReference; fileEncoding = 4; lastKnownFileType = sourcecode.c.objc; path = MSMessageDAO.m; sourceTree = "<group>"; };
		3EFB0A9D1716C39C00AD700A /* MSAppleID.h */ = {isa = PBXFileReference; fileEncoding = 4; lastKnownFileType = sourcecode.c.h; path = MSAppleID.h; sourceTree = "<group>"; };
		3EFB0A9E1716C39C00AD700A /* MSAppleID.m */ = {isa = PBXFileReference; fileEncoding = 4; lastKnownFileType = sourcecode.c.objc; path = MSAppleID.m; sourceTree = "<group>"; };
		3EFB0AA01716C45A00AD700A /* MSAppleIdDAO.h */ = {isa = PBXFileReference; fileEncoding = 4; lastKnownFileType = sourcecode.c.h; path = MSAppleIdDAO.h; sourceTree = "<group>"; };
		3EFB0AA11716C45A00AD700A /* MSAppleIdDAO.m */ = {isa = PBXFileReference; fileEncoding = 4; lastKnownFileType = sourcecode.c.objc; path = MSAppleIdDAO.m; sourceTree = "<group>"; };
		3EFB0AA71716C63600AD700A /* MSScriptMessageSender.h */ = {isa = PBXFileReference; fileEncoding = 4; lastKnownFileType = sourcecode.c.h; name = MSScriptMessageSender.h; path = MessageSlave/MSScriptMessageSender.h; sourceTree = "<group>"; };
		3EFB0AA81716C63600AD700A /* MSScriptMessageSender.m */ = {isa = PBXFileReference; fileEncoding = 4; lastKnownFileType = sourcecode.c.objc; name = MSScriptMessageSender.m; path = MessageSlave/MSScriptMessageSender.m; sourceTree = "<group>"; };
		3EFB0AAA1716C64A00AD700A /* MSMessageSender.h */ = {isa = PBXFileReference; fileEncoding = 4; lastKnownFileType = sourcecode.c.h; name = MSMessageSender.h; path = MessageSlave/MSMessageSender.h; sourceTree = "<group>"; };
		3EFB0AAB1716C64A00AD700A /* MSMessageSender.m */ = {isa = PBXFileReference; fileEncoding = 4; lastKnownFileType = sourcecode.c.objc; name = MSMessageSender.m; path = MessageSlave/MSMessageSender.m; sourceTree = "<group>"; };
		3EFB0AAE1716C72E00AD700A /* MSMessagePreemptiveSender.h */ = {isa = PBXFileReference; fileEncoding = 4; lastKnownFileType = sourcecode.c.h; path = MSMessagePreemptiveSender.h; sourceTree = "<group>"; };
		3EFB0AAF1716C72E00AD700A /* MSMessagePreemptiveSender.m */ = {isa = PBXFileReference; fileEncoding = 4; lastKnownFileType = sourcecode.c.objc; path = MSMessagePreemptiveSender.m; sourceTree = "<group>"; };
		3EFB0AB11716C84400AD700A /* MSTestMessageDAO.h */ = {isa = PBXFileReference; fileEncoding = 4; lastKnownFileType = sourcecode.c.h; path = MSTestMessageDAO.h; sourceTree = "<group>"; };
		3EFB0AB21716C84400AD700A /* MSTestMessageDAO.m */ = {isa = PBXFileReference; fileEncoding = 4; lastKnownFileType = sourcecode.c.objc; path = MSTestMessageDAO.m; sourceTree = "<group>"; };
		3EFB0AB41716C9D600AD700A /* MSTestAppleIdDAO.h */ = {isa = PBXFileReference; fileEncoding = 4; lastKnownFileType = sourcecode.c.h; path = MSTestAppleIdDAO.h; sourceTree = "<group>"; };
		3EFB0AB51716C9D600AD700A /* MSTestAppleIdDAO.m */ = {isa = PBXFileReference; fileEncoding = 4; lastKnownFileType = sourcecode.c.objc; path = MSTestAppleIdDAO.m; sourceTree = "<group>"; };
/* End PBXFileReference section */

/* Begin PBXFrameworksBuildPhase section */
		3E2CEF9C175638B500D7775C /* Frameworks */ = {
			isa = PBXFrameworksBuildPhase;
			buildActionMask = 2147483647;
			files = (
				3E2CEFA0175638B500D7775C /* Foundation.framework in Frameworks */,
			);
			runOnlyForDeploymentPostprocessing = 0;
		};
		3E2E35F317168A660072625D /* Frameworks */ = {
			isa = PBXFrameworksBuildPhase;
			buildActionMask = 2147483647;
			files = (
				3E2E35FA17168A660072625D /* Cocoa.framework in Frameworks */,
			);
			runOnlyForDeploymentPostprocessing = 0;
		};
		3EBE0EF4174C621400FB6E9E /* Frameworks */ = {
			isa = PBXFrameworksBuildPhase;
			buildActionMask = 2147483647;
			files = (
				3EBE0EF9174C621400FB6E9E /* Foundation.framework in Frameworks */,
			);
			runOnlyForDeploymentPostprocessing = 0;
		};
/* End PBXFrameworksBuildPhase section */

/* Begin PBXGroup section */
		3E2CEFA1175638B500D7775C /* Tests */ = {
			isa = PBXGroup;
			children = (
				3E2CEFA2175638B500D7775C /* main.m */,
				3E2CEFA6175638B500D7775C /* Tests.1 */,
				3E2CEFA4175638B500D7775C /* Supporting Files */,
			);
			path = Tests;
			sourceTree = "<group>";
		};
		3E2CEFA4175638B500D7775C /* Supporting Files */ = {
			isa = PBXGroup;
			children = (
				3E2CEFA5175638B500D7775C /* Tests-Prefix.pch */,
			);
			name = "Supporting Files";
			sourceTree = "<group>";
		};
		3E2E35ED17168A660072625D = {
			isa = PBXGroup;
			children = (
				3E2E35FF17168A660072625D /* Classes */,
				3E92526117185D82006F8991 /* XIBs */,
				3EFB0A971716BB3C00AD700A /* Resources */,
				3E2E360017168A660072625D /* Supporting Files */,
				3EBE0EFA174C621400FB6E9E /* ScriptEncrypter */,
				3E2CEFA1175638B500D7775C /* Tests */,
				3E2E35F817168A660072625D /* Frameworks */,
				3E2E35F717168A660072625D /* Products */,
			);
			sourceTree = "<group>";
		};
		3E2E35F717168A660072625D /* Products */ = {
			isa = PBXGroup;
			children = (
				3E2E35F617168A660072625D /* MessageSlave.app */,
				3EBE0EF7174C621400FB6E9E /* ScriptEncrypter */,
				3E2CEF9F175638B500D7775C /* Tests */,
			);
			name = Products;
			sourceTree = "<group>";
		};
		3E2E35F817168A660072625D /* Frameworks */ = {
			isa = PBXGroup;
			children = (
				3E2E35F917168A660072625D /* Cocoa.framework */,
				3EBE0EF8174C621400FB6E9E /* Foundation.framework */,
				3E2E35FB17168A660072625D /* Other Frameworks */,
			);
			name = Frameworks;
			sourceTree = "<group>";
		};
		3E2E35FB17168A660072625D /* Other Frameworks */ = {
			isa = PBXGroup;
			children = (
				3E2E35FC17168A660072625D /* AppKit.framework */,
				3E2E35FD17168A660072625D /* CoreData.framework */,
				3E2E35FE17168A660072625D /* Foundation.framework */,
			);
			name = "Other Frameworks";
			sourceTree = "<group>";
		};
		3E2E35FF17168A660072625D /* Classes */ = {
			isa = PBXGroup;
			children = (
				3EC139D01717A80900BA6D1B /* MSCommon.h */,
				3EC139D11717A80900BA6D1B /* MSCommon.m */,
				3E3BD222171A498B001D1F30 /* SubModules */,
				3EFB0AA31716C50800AD700A /* Utils */,
				3EFB0A991716C2BD00AD700A /* ContentProvider */,
				3EFB0A981716C2B300AD700A /* Model */,
				3E2E360B17168A660072625D /* MSAppDelegate.h */,
				3E2E360C17168A660072625D /* MSAppDelegate.m */,
				3E2E36191716947B0072625D /* MSConsoleController.h */,
				3E2E361A1716947B0072625D /* MSConsoleController.m */,
			);
			name = Classes;
			path = MessageSlave;
			sourceTree = "<group>";
		};
		3E2E360017168A660072625D /* Supporting Files */ = {
			isa = PBXGroup;
			children = (
				3E2E360117168A660072625D /* MessageSlave-Info.plist */,
				3E2E360217168A660072625D /* InfoPlist.strings */,
				3E2E360517168A660072625D /* main.m */,
				3E2E360717168A660072625D /* MessageSlave-Prefix.pch */,
				3E2E360817168A660072625D /* Credits.rtf */,
			);
			name = "Supporting Files";
			path = MessageSlave;
			sourceTree = "<group>";
		};
		3E3BD222171A498B001D1F30 /* SubModules */ = {
			isa = PBXGroup;
			children = (
				3E7A5FD81717FE0300E7EB4F /* MSAppleScriptRunner.h */,
				3E7A5FD91717FE0300E7EB4F /* MSAppleScriptRunner.m */,
				3EFB0AAE1716C72E00AD700A /* MSMessagePreemptiveSender.h */,
				3EFB0AAF1716C72E00AD700A /* MSMessagePreemptiveSender.m */,
				3EFB0AAD1716C67D00AD700A /* MSMessageSender */,
				3EBA8C63171CE31B009866B2 /* MSAsyncMessageSender.h */,
				3EBA8C64171CE31C009866B2 /* MSAsyncMessageSender.m */,
				3EBA8C69171CE5BE009866B2 /* MSAsyncCheckLoginer.h */,
				3EBA8C6A171CE5BE009866B2 /* MSAsyncCheckLoginer.m */,
			);
			name = SubModules;
			sourceTree = "<group>";
		};
		3E69681917645675009983B6 /* msgsend */ = {
			isa = PBXGroup;
			children = (
				3EED89BC176B675100AA3E97 /* sendMsgByKeyControl.scpt */,
				3EED89BD176B675100AA3E97 /* sendMsgBySet.scpt */,
			);
			name = msgsend;
			sourceTree = "<group>";
		};
		3E7A5FDB1717FF8200E7EB4F /* MSScriptMessageSender */ = {
			isa = PBXGroup;
			children = (
				3EFB0AA71716C63600AD700A /* MSScriptMessageSender.h */,
				3EFB0AA81716C63600AD700A /* MSScriptMessageSender.m */,
				3E7A5FC31717DCF500E7EB4F /* MSScriptMessageSenderCallbackListener.h */,
				3E7A5FC41717DCF500E7EB4F /* MSScriptMessageSenderCallbackListener.m */,
				3E2D6B3C171C30F4007E3078 /* MSAsyncScriptMessageSender.h */,
				3E2D6B3D171C30F4007E3078 /* MSAsyncScriptMessageSender.m */,
			);
			name = MSScriptMessageSender;
			sourceTree = "<group>";
		};
		3E92526117185D82006F8991 /* XIBs */ = {
			isa = PBXGroup;
			children = (
				3E2E36221716995A0072625D /* Main.xib */,
				3E2E362417169CA00072625D /* Console.xib */,
			);
			name = XIBs;
			sourceTree = "<group>";
		};
		3EBE0EF2174C61AB00FB6E9E /* script_encrypted */ = {
			isa = PBXGroup;
			children = (
				3EED89B6176B673D00AA3E97 /* imessage_checklogin_.txt */,
				3EED89B7176B673D00AA3E97 /* imessage_logout_.txt */,
				3EED89B8176B673D00AA3E97 /* imessage_send_.txt */,
			);
			name = script_encrypted;
			sourceTree = "<group>";
		};
		3EBE0EFA174C621400FB6E9E /* ScriptEncrypter */ = {
			isa = PBXGroup;
			children = (
				3EBE0EFB174C621400FB6E9E /* main.m */,
				3EBE0EFF174C621400FB6E9E /* ScriptEncrypter.1 */,
				3EBE0EFD174C621400FB6E9E /* Supporting Files */,
			);
			path = ScriptEncrypter;
			sourceTree = "<group>";
		};
		3EBE0EFD174C621400FB6E9E /* Supporting Files */ = {
			isa = PBXGroup;
			children = (
				3EBE0EFE174C621400FB6E9E /* ScriptEncrypter-Prefix.pch */,
			);
			name = "Supporting Files";
			sourceTree = "<group>";
		};
		3EFB0A971716BB3C00AD700A /* Resources */ = {
			isa = PBXGroup;
			children = (
				3EED89C0176B676700AA3E97 /* messageslave.icns */,
				3E69681917645675009983B6 /* msgsend */,
				3EBE0EF2174C61AB00FB6E9E /* script_encrypted */,
				3E92526217185DC7006F8991 /* AppleScriptRunner */,
				3E92526317185DC7006F8991 /* imessage_checklogin.txt */,
				3E92526417185DC7006F8991 /* imessage_logout.txt */,
				3E92526517185DC7006F8991 /* imessage_msg_sent_callback.scpt */,
				3E92526617185DC7006F8991 /* imessage_msg_sent_callback.txt */,
				3E92526717185DC7006F8991 /* imessage_send.txt */,
			);
			name = Resources;
			sourceTree = "<group>";
		};
		3EFB0A981716C2B300AD700A /* Model */ = {
			isa = PBXGroup;
			children = (
				3EFB0A941716BB3600AD700A /* MSMessage.h */,
				3EFB0A951716BB3600AD700A /* MSMessage.m */,
				3EFB0A9D1716C39C00AD700A /* MSAppleID.h */,
				3EFB0A9E1716C39C00AD700A /* MSAppleID.m */,
			);
			name = Model;
			sourceTree = "<group>";
		};
		3EFB0A991716C2BD00AD700A /* ContentProvider */ = {
			isa = PBXGroup;
			children = (
				3EFB0A9A1716C2EB00AD700A /* MSMessageDAO.h */,
				3EFB0A9B1716C2EB00AD700A /* MSMessageDAO.m */,
				3EFB0AA01716C45A00AD700A /* MSAppleIdDAO.h */,
				3EFB0AA11716C45A00AD700A /* MSAppleIdDAO.m */,
				3EFB0AB11716C84400AD700A /* MSTestMessageDAO.h */,
				3EFB0AB21716C84400AD700A /* MSTestMessageDAO.m */,
				3EFB0AB41716C9D600AD700A /* MSTestAppleIdDAO.h */,
				3EFB0AB51716C9D600AD700A /* MSTestAppleIdDAO.m */,
				3E7431111727BD31004215B7 /* MSDistributeCenterMessageDAO.h */,
				3E7431121727BD31004215B7 /* MSDistributeCenterMessageDAO.m */,
				3EF00989172D001700D8849A /* MSTxtMessageDao.h */,
				3EF0098A172D001700D8849A /* MSTxtMessageDao.m */,
			);
			name = ContentProvider;
			sourceTree = "<group>";
		};
		3EFB0AA31716C50800AD700A /* Utils */ = {
			isa = PBXGroup;
			children = (
				3E5EA64F17183929001AC27F /* MSLogger.h */,
				3E5EA65017183929001AC27F /* MSLogger.m */,
				3E5EA65117183929001AC27F /* SVCodeUtils.h */,
				3E5EA65217183929001AC27F /* SVCodeUtils.m */,
			);
			name = Utils;
			path = ..;
			sourceTree = "<group>";
		};
		3EFB0AAD1716C67D00AD700A /* MSMessageSender */ = {
			isa = PBXGroup;
			children = (
				3E7A5FDB1717FF8200E7EB4F /* MSScriptMessageSender */,
				3EFB0AAA1716C64A00AD700A /* MSMessageSender.h */,
				3EFB0AAB1716C64A00AD700A /* MSMessageSender.m */,
			);
			name = MSMessageSender;
			path = ..;
			sourceTree = "<group>";
		};
/* End PBXGroup section */

/* Begin PBXNativeTarget section */
		3E2CEF9E175638B500D7775C /* Tests */ = {
			isa = PBXNativeTarget;
			buildConfigurationList = 3E2CEFA8175638B500D7775C /* Build configuration list for PBXNativeTarget "Tests" */;
			buildPhases = (
				3E2CEF9B175638B500D7775C /* Sources */,
				3E2CEF9C175638B500D7775C /* Frameworks */,
				3E2CEF9D175638B500D7775C /* CopyFiles */,
			);
			buildRules = (
			);
			dependencies = (
			);
			name = Tests;
			productName = Tests;
			productReference = 3E2CEF9F175638B500D7775C /* Tests */;
			productType = "com.apple.product-type.tool";
		};
		3E2E35F517168A660072625D /* MessageSlave */ = {
			isa = PBXNativeTarget;
			buildConfigurationList = 3E2E361317168A660072625D /* Build configuration list for PBXNativeTarget "MessageSlave" */;
			buildPhases = (
				3E2E35F217168A660072625D /* Sources */,
				3E2E35F317168A660072625D /* Frameworks */,
				3E2E35F417168A660072625D /* Resources */,
			);
			buildRules = (
			);
			dependencies = (
			);
			name = MessageSlave;
			productName = MessageSlave;
			productReference = 3E2E35F617168A660072625D /* MessageSlave.app */;
			productType = "com.apple.product-type.application";
		};
		3EBE0EF6174C621400FB6E9E /* ScriptEncrypter */ = {
			isa = PBXNativeTarget;
			buildConfigurationList = 3EBE0F01174C621400FB6E9E /* Build configuration list for PBXNativeTarget "ScriptEncrypter" */;
			buildPhases = (
				3EBE0EF3174C621400FB6E9E /* Sources */,
				3EBE0EF4174C621400FB6E9E /* Frameworks */,
				3EBE0EF5174C621400FB6E9E /* CopyFiles */,
			);
			buildRules = (
			);
			dependencies = (
			);
			name = ScriptEncrypter;
			productName = ScriptEncrypter;
			productReference = 3EBE0EF7174C621400FB6E9E /* ScriptEncrypter */;
			productType = "com.apple.product-type.tool";
		};
/* End PBXNativeTarget section */

/* Begin PBXProject section */
		3E2E35EE17168A660072625D /* Project object */ = {
			isa = PBXProject;
			attributes = {
				LastUpgradeCheck = 0460;
				ORGANIZATIONNAME = yangzexin;
			};
			buildConfigurationList = 3E2E35F117168A660072625D /* Build configuration list for PBXProject "MessageSlave" */;
			compatibilityVersion = "Xcode 3.2";
			developmentRegion = English;
			hasScannedForEncodings = 0;
			knownRegions = (
				en,
			);
			mainGroup = 3E2E35ED17168A660072625D;
			productRefGroup = 3E2E35F717168A660072625D /* Products */;
			projectDirPath = "";
			projectRoot = "";
			targets = (
				3E2E35F517168A660072625D /* MessageSlave */,
				3EBE0EF6174C621400FB6E9E /* ScriptEncrypter */,
				3E2CEF9E175638B500D7775C /* Tests */,
			);
		};
/* End PBXProject section */

/* Begin PBXResourcesBuildPhase section */
		3E2E35F417168A660072625D /* Resources */ = {
			isa = PBXResourcesBuildPhase;
			buildActionMask = 2147483647;
			files = (
				3E4766641763216600C25379 /* imessage_checklogin.txt in Resources */,
				3E4766651763216600C25379 /* imessage_logout.txt in Resources */,
				3E4766661763216600C25379 /* imessage_send.txt in Resources */,
				3E2E360417168A660072625D /* InfoPlist.strings in Resources */,
				3E2E360A17168A660072625D /* Credits.rtf in Resources */,
				3E2E36231716995A0072625D /* Main.xib in Resources */,
				3E2E362517169CA00072625D /* Console.xib in Resources */,
				3E92526B17185DC7006F8991 /* imessage_msg_sent_callback.scpt in Resources */,
				3EED89B9176B673D00AA3E97 /* imessage_checklogin_.txt in Resources */,
				3EED89BA176B673D00AA3E97 /* imessage_logout_.txt in Resources */,
				3EED89BB176B673D00AA3E97 /* imessage_send_.txt in Resources */,
				3EED89BE176B675100AA3E97 /* sendMsgByKeyControl.scpt in Resources */,
				3EED89BF176B675100AA3E97 /* sendMsgBySet.scpt in Resources */,
				3EED89C1176B676700AA3E97 /* messageslave.icns in Resources */,
			);
			runOnlyForDeploymentPostprocessing = 0;
		};
/* End PBXResourcesBuildPhase section */

/* Begin PBXSourcesBuildPhase section */
		3E2CEF9B175638B500D7775C /* Sources */ = {
			isa = PBXSourcesBuildPhase;
			buildActionMask = 2147483647;
			files = (
				3E2CEFA3175638B500D7775C /* main.m in Sources */,
			);
			runOnlyForDeploymentPostprocessing = 0;
		};
		3E2E35F217168A660072625D /* Sources */ = {
			isa = PBXSourcesBuildPhase;
			buildActionMask = 2147483647;
			files = (
				3E2E360617168A660072625D /* main.m in Sources */,
				3E2E360D17168A660072625D /* MSAppDelegate.m in Sources */,
				3E2E361B1716947B0072625D /* MSConsoleController.m in Sources */,
				3EFB0A961716BB3600AD700A /* MSMessage.m in Sources */,
				3EFB0A9C1716C2EB00AD700A /* MSMessageDAO.m in Sources */,
				3EFB0A9F1716C39C00AD700A /* MSAppleID.m in Sources */,
				3EFB0AA21716C45A00AD700A /* MSAppleIdDAO.m in Sources */,
				3EFB0AA91716C63600AD700A /* MSScriptMessageSender.m in Sources */,
				3EFB0AAC1716C64A00AD700A /* MSMessageSender.m in Sources */,
				3EFB0AB01716C72E00AD700A /* MSMessagePreemptiveSender.m in Sources */,
				3EFB0AB31716C84400AD700A /* MSTestMessageDAO.m in Sources */,
				3EFB0AB61716C9D600AD700A /* MSTestAppleIdDAO.m in Sources */,
				3EC139D21717A80900BA6D1B /* MSCommon.m in Sources */,
				3E7A5FC51717DCF500E7EB4F /* MSScriptMessageSenderCallbackListener.m in Sources */,
				3E7A5FDA1717FE0300E7EB4F /* MSAppleScriptRunner.m in Sources */,
				3E5EA65317183929001AC27F /* MSLogger.m in Sources */,
				3E5EA65417183929001AC27F /* SVCodeUtils.m in Sources */,
				3E2D6B3E171C30F4007E3078 /* MSAsyncScriptMessageSender.m in Sources */,
				3EBA8C65171CE31C009866B2 /* MSAsyncMessageSender.m in Sources */,
				3EBA8C6B171CE5BF009866B2 /* MSAsyncCheckLoginer.m in Sources */,
				3E7431131727BD31004215B7 /* MSDistributeCenterMessageDAO.m in Sources */,
				3EF0098B172D001700D8849A /* MSTxtMessageDao.m in Sources */,
			);
			runOnlyForDeploymentPostprocessing = 0;
		};
		3EBE0EF3174C621400FB6E9E /* Sources */ = {
			isa = PBXSourcesBuildPhase;
			buildActionMask = 2147483647;
			files = (
				3EBE0F04174C632400FB6E9E /* SVCodeUtils.m in Sources */,
				3EBE0EFC174C621400FB6E9E /* main.m in Sources */,
			);
			runOnlyForDeploymentPostprocessing = 0;
		};
/* End PBXSourcesBuildPhase section */

/* Begin PBXVariantGroup section */
		3E2E360217168A660072625D /* InfoPlist.strings */ = {
			isa = PBXVariantGroup;
			children = (
				3E2E360317168A660072625D /* en */,
			);
			name = InfoPlist.strings;
			sourceTree = "<group>";
		};
		3E2E360817168A660072625D /* Credits.rtf */ = {
			isa = PBXVariantGroup;
			children = (
				3E2E360917168A660072625D /* en */,
			);
			name = Credits.rtf;
			sourceTree = "<group>";
		};
/* End PBXVariantGroup section */

/* Begin XCBuildConfiguration section */
		3E2CEFA9175638B500D7775C /* Debug */ = {
			isa = XCBuildConfiguration;
			buildSettings = {
				GCC_PRECOMPILE_PREFIX_HEADER = YES;
				GCC_PREFIX_HEADER = "Tests/Tests-Prefix.pch";
				PRODUCT_NAME = "$(TARGET_NAME)";
			};
			name = Debug;
		};
		3E2CEFAA175638B500D7775C /* Release */ = {
			isa = XCBuildConfiguration;
			buildSettings = {
				GCC_PRECOMPILE_PREFIX_HEADER = YES;
				GCC_PREFIX_HEADER = "Tests/Tests-Prefix.pch";
				PRODUCT_NAME = "$(TARGET_NAME)";
			};
			name = Release;
		};
		3E2E361117168A660072625D /* Debug */ = {
			isa = XCBuildConfiguration;
			buildSettings = {
				ALWAYS_SEARCH_USER_PATHS = NO;
				ARCHS = "$(ARCHS_STANDARD_64_BIT)";
				CLANG_CXX_LANGUAGE_STANDARD = "gnu++0x";
				CLANG_CXX_LIBRARY = "libc++";
				CLANG_WARN_CONSTANT_CONVERSION = YES;
				CLANG_WARN_EMPTY_BODY = YES;
				CLANG_WARN_ENUM_CONVERSION = YES;
				CLANG_WARN_INT_CONVERSION = YES;
				CLANG_WARN__DUPLICATE_METHOD_MATCH = YES;
				COPY_PHASE_STRIP = NO;
				GCC_C_LANGUAGE_STANDARD = gnu99;
				GCC_DYNAMIC_NO_PIC = NO;
				GCC_ENABLE_OBJC_EXCEPTIONS = YES;
				GCC_OPTIMIZATION_LEVEL = 0;
				GCC_PREPROCESSOR_DEFINITIONS = (
					"DEBUG=1",
					"$(inherited)",
				);
				GCC_SYMBOLS_PRIVATE_EXTERN = NO;
				GCC_WARN_64_TO_32_BIT_CONVERSION = YES;
				GCC_WARN_ABOUT_RETURN_TYPE = YES;
				GCC_WARN_UNINITIALIZED_AUTOS = YES;
				GCC_WARN_UNUSED_VARIABLE = YES;
				MACOSX_DEPLOYMENT_TARGET = 10.8;
				ONLY_ACTIVE_ARCH = YES;
				SDKROOT = macosx;
			};
			name = Debug;
		};
		3E2E361217168A660072625D /* Release */ = {
			isa = XCBuildConfiguration;
			buildSettings = {
				ALWAYS_SEARCH_USER_PATHS = NO;
				ARCHS = "$(ARCHS_STANDARD_64_BIT)";
				CLANG_CXX_LANGUAGE_STANDARD = "gnu++0x";
				CLANG_CXX_LIBRARY = "libc++";
				CLANG_WARN_CONSTANT_CONVERSION = YES;
				CLANG_WARN_EMPTY_BODY = YES;
				CLANG_WARN_ENUM_CONVERSION = YES;
				CLANG_WARN_INT_CONVERSION = YES;
				CLANG_WARN__DUPLICATE_METHOD_MATCH = YES;
				COPY_PHASE_STRIP = YES;
				DEBUG_INFORMATION_FORMAT = "dwarf-with-dsym";
				GCC_C_LANGUAGE_STANDARD = gnu99;
				GCC_ENABLE_OBJC_EXCEPTIONS = YES;
				GCC_WARN_64_TO_32_BIT_CONVERSION = YES;
				GCC_WARN_ABOUT_RETURN_TYPE = YES;
				GCC_WARN_UNINITIALIZED_AUTOS = YES;
				GCC_WARN_UNUSED_VARIABLE = YES;
				MACOSX_DEPLOYMENT_TARGET = 10.8;
				SDKROOT = macosx;
			};
			name = Release;
		};
		3E2E361417168A660072625D /* Debug */ = {
			isa = XCBuildConfiguration;
			buildSettings = {
				COMBINE_HIDPI_IMAGES = YES;
				GCC_PRECOMPILE_PREFIX_HEADER = YES;
				GCC_PREFIX_HEADER = "MessageSlave/MessageSlave-Prefix.pch";
				INFOPLIST_FILE = "MessageSlave/MessageSlave-Info.plist";
				PRODUCT_NAME = "$(TARGET_NAME)";
				WRAPPER_EXTENSION = app;
			};
			name = Debug;
		};
		3E2E361517168A660072625D /* Release */ = {
			isa = XCBuildConfiguration;
			buildSettings = {
				COMBINE_HIDPI_IMAGES = YES;
				GCC_PRECOMPILE_PREFIX_HEADER = YES;
				GCC_PREFIX_HEADER = "MessageSlave/MessageSlave-Prefix.pch";
				INFOPLIST_FILE = "MessageSlave/MessageSlave-Info.plist";
				PRODUCT_NAME = "$(TARGET_NAME)";
				WRAPPER_EXTENSION = app;
			};
			name = Release;
		};
		3EBE0F02174C621400FB6E9E /* Debug */ = {
			isa = XCBuildConfiguration;
			buildSettings = {
				GCC_PRECOMPILE_PREFIX_HEADER = YES;
				GCC_PREFIX_HEADER = "ScriptEncrypter/ScriptEncrypter-Prefix.pch";
				PRODUCT_NAME = "$(TARGET_NAME)";
			};
			name = Debug;
		};
		3EBE0F03174C621400FB6E9E /* Release */ = {
			isa = XCBuildConfiguration;
			buildSettings = {
				GCC_PRECOMPILE_PREFIX_HEADER = YES;
				GCC_PREFIX_HEADER = "ScriptEncrypter/ScriptEncrypter-Prefix.pch";
				PRODUCT_NAME = "$(TARGET_NAME)";
			};
			name = Release;
		};
/* End XCBuildConfiguration section */

/* Begin XCConfigurationList section */
		3E2CEFA8175638B500D7775C /* Build configuration list for PBXNativeTarget "Tests" */ = {
			isa = XCConfigurationList;
			buildConfigurations = (
				3E2CEFA9175638B500D7775C /* Debug */,
				3E2CEFAA175638B500D7775C /* Release */,
			);
			defaultConfigurationIsVisible = 0;
			defaultConfigurationName = Release;
		};
		3E2E35F117168A660072625D /* Build configuration list for PBXProject "MessageSlave" */ = {
			isa = XCConfigurationList;
			buildConfigurations = (
				3E2E361117168A660072625D /* Debug */,
				3E2E361217168A660072625D /* Release */,
			);
			defaultConfigurationIsVisible = 0;
			defaultConfigurationName = Release;
		};
		3E2E361317168A660072625D /* Build configuration list for PBXNativeTarget "MessageSlave" */ = {
			isa = XCConfigurationList;
			buildConfigurations = (
				3E2E361417168A660072625D /* Debug */,
				3E2E361517168A660072625D /* Release */,
			);
			defaultConfigurationIsVisible = 0;
			defaultConfigurationName = Release;
		};
		3EBE0F01174C621400FB6E9E /* Build configuration list for PBXNativeTarget "ScriptEncrypter" */ = {
			isa = XCConfigurationList;
			buildConfigurations = (
				3EBE0F02174C621400FB6E9E /* Debug */,
				3EBE0F03174C621400FB6E9E /* Release */,
			);
			defaultConfigurationIsVisible = 0;
			defaultConfigurationName = Release;
		};
/* End XCConfigurationList section */
	};
	rootObject = 3E2E35EE17168A660072625D /* Project object */;
}
