// !$*UTF8*$!
{
	archiveVersion = 1;
	classes = {
	};
	objectVersion = 46;
	objects = {

/* Begin PBXBuildFile section */
		3E444215178113E6006A713D /* UIKit.framework in Frameworks */ = {isa = PBXBuildFile; fileRef = 3E444214178113E6006A713D /* UIKit.framework */; };
		3E444217178113E6006A713D /* Foundation.framework in Frameworks */ = {isa = PBXBuildFile; fileRef = 3E444216178113E6006A713D /* Foundation.framework */; };
		3E444219178113E6006A713D /* CoreGraphics.framework in Frameworks */ = {isa = PBXBuildFile; fileRef = 3E444218178113E6006A713D /* CoreGraphics.framework */; };
		3E44421F178113E6006A713D /* InfoPlist.strings in Resources */ = {isa = PBXBuildFile; fileRef = 3E44421D178113E6006A713D /* InfoPlist.strings */; };
		3E444221178113E6006A713D /* main.m in Sources */ = {isa = PBXBuildFile; fileRef = 3E444220178113E6006A713D /* main.m */; };
		3E444225178113E6006A713D /* AppDelegate.m in Sources */ = {isa = PBXBuildFile; fileRef = 3E444224178113E6006A713D /* AppDelegate.m */; };
		3E444227178113E6006A713D /* Default.png in Resources */ = {isa = PBXBuildFile; fileRef = 3E444226178113E6006A713D /* Default.png */; };
		3E444229178113E6006A713D /* Default@2x.png in Resources */ = {isa = PBXBuildFile; fileRef = 3E444228178113E6006A713D /* Default@2x.png */; };
		3E44422B178113E6006A713D /* Default-568h@2x.png in Resources */ = {isa = PBXBuildFile; fileRef = 3E44422A178113E6006A713D /* Default-568h@2x.png */; };
		3E4442331781140B006A713D /* YXImageLabel.m in Sources */ = {isa = PBXBuildFile; fileRef = 3E4442321781140B006A713D /* YXImageLabel.m */; };
		3E44423617811431006A713D /* ImageEditor.m in Sources */ = {isa = PBXBuildFile; fileRef = 3E44423517811431006A713D /* ImageEditor.m */; };
		3E44423817811AB8006A713D /* account_money.png in Resources */ = {isa = PBXBuildFile; fileRef = 3E44423717811AB7006A713D /* account_money.png */; };
		3E44424017812A57006A713D /* btn_passbook.png in Resources */ = {isa = PBXBuildFile; fileRef = 3E44423F17812A57006A713D /* btn_passbook.png */; };
		3E44424317812D39006A713D /* APLSimpleCaretView.m in Sources */ = {isa = PBXBuildFile; fileRef = 3E44424217812D39006A713D /* APLSimpleCaretView.m */; };
/* End PBXBuildFile section */

/* Begin PBXFileReference section */
		3E444211178113E6006A713D /* ImageEditorTest.app */ = {isa = PBXFileReference; explicitFileType = wrapper.application; includeInIndex = 0; path = ImageEditorTest.app; sourceTree = BUILT_PRODUCTS_DIR; };
		3E444214178113E6006A713D /* UIKit.framework */ = {isa = PBXFileReference; lastKnownFileType = wrapper.framework; name = UIKit.framework; path = System/Library/Frameworks/UIKit.framework; sourceTree = SDKROOT; };
		3E444216178113E6006A713D /* Foundation.framework */ = {isa = PBXFileReference; lastKnownFileType = wrapper.framework; name = Foundation.framework; path = System/Library/Frameworks/Foundation.framework; sourceTree = SDKROOT; };
		3E444218178113E6006A713D /* CoreGraphics.framework */ = {isa = PBXFileReference; lastKnownFileType = wrapper.framework; name = CoreGraphics.framework; path = System/Library/Frameworks/CoreGraphics.framework; sourceTree = SDKROOT; };
		3E44421C178113E6006A713D /* ImageEditorTest-Info.plist */ = {isa = PBXFileReference; lastKnownFileType = text.plist.xml; path = "ImageEditorTest-Info.plist"; sourceTree = "<group>"; };
		3E44421E178113E6006A713D /* en */ = {isa = PBXFileReference; lastKnownFileType = text.plist.strings; name = en; path = en.lproj/InfoPlist.strings; sourceTree = "<group>"; };
		3E444220178113E6006A713D /* main.m */ = {isa = PBXFileReference; lastKnownFileType = sourcecode.c.objc; path = main.m; sourceTree = "<group>"; };
		3E444222178113E6006A713D /* ImageEditorTest-Prefix.pch */ = {isa = PBXFileReference; lastKnownFileType = sourcecode.c.h; path = "ImageEditorTest-Prefix.pch"; sourceTree = "<group>"; };
		3E444223178113E6006A713D /* AppDelegate.h */ = {isa = PBXFileReference; lastKnownFileType = sourcecode.c.h; path = AppDelegate.h; sourceTree = "<group>"; };
		3E444224178113E6006A713D /* AppDelegate.m */ = {isa = PBXFileReference; lastKnownFileType = sourcecode.c.objc; path = AppDelegate.m; sourceTree = "<group>"; };
		3E444226178113E6006A713D /* Default.png */ = {isa = PBXFileReference; lastKnownFileType = image.png; path = Default.png; sourceTree = "<group>"; };
		3E444228178113E6006A713D /* Default@2x.png */ = {isa = PBXFileReference; lastKnownFileType = image.png; path = "Default@2x.png"; sourceTree = "<group>"; };
		3E44422A178113E6006A713D /* Default-568h@2x.png */ = {isa = PBXFileReference; lastKnownFileType = image.png; path = "Default-568h@2x.png"; sourceTree = "<group>"; };
		3E4442311781140B006A713D /* YXImageLabel.h */ = {isa = PBXFileReference; fileEncoding = 4; lastKnownFileType = sourcecode.c.h; path = YXImageLabel.h; sourceTree = "<group>"; };
		3E4442321781140B006A713D /* YXImageLabel.m */ = {isa = PBXFileReference; fileEncoding = 4; lastKnownFileType = sourcecode.c.objc; path = YXImageLabel.m; sourceTree = "<group>"; };
		3E44423417811431006A713D /* ImageEditor.h */ = {isa = PBXFileReference; fileEncoding = 4; lastKnownFileType = sourcecode.c.h; path = ImageEditor.h; sourceTree = "<group>"; };
		3E44423517811431006A713D /* ImageEditor.m */ = {isa = PBXFileReference; fileEncoding = 4; lastKnownFileType = sourcecode.c.objc; path = ImageEditor.m; sourceTree = "<group>"; };
		3E44423717811AB7006A713D /* account_money.png */ = {isa = PBXFileReference; lastKnownFileType = image.png; path = account_money.png; sourceTree = "<group>"; };
		3E44423F17812A57006A713D /* btn_passbook.png */ = {isa = PBXFileReference; lastKnownFileType = image.png; path = btn_passbook.png; sourceTree = "<group>"; };
		3E44424117812D39006A713D /* APLSimpleCaretView.h */ = {isa = PBXFileReference; fileEncoding = 4; lastKnownFileType = sourcecode.c.h; path = APLSimpleCaretView.h; sourceTree = "<group>"; };
		3E44424217812D39006A713D /* APLSimpleCaretView.m */ = {isa = PBXFileReference; fileEncoding = 4; lastKnownFileType = sourcecode.c.objc; path = APLSimpleCaretView.m; sourceTree = "<group>"; };
/* End PBXFileReference section */

/* Begin PBXFrameworksBuildPhase section */
		3E44420E178113E6006A713D /* Frameworks */ = {
			isa = PBXFrameworksBuildPhase;
			buildActionMask = 2147483647;
			files = (
				3E444215178113E6006A713D /* UIKit.framework in Frameworks */,
				3E444217178113E6006A713D /* Foundation.framework in Frameworks */,
				3E444219178113E6006A713D /* CoreGraphics.framework in Frameworks */,
			);
			runOnlyForDeploymentPostprocessing = 0;
		};
/* End PBXFrameworksBuildPhase section */

/* Begin PBXGroup section */
		3E444208178113E6006A713D = {
			isa = PBXGroup;
			children = (
				3E44421A178113E6006A713D /* ImageEditorTest */,
				3E444213178113E6006A713D /* Frameworks */,
				3E444212178113E6006A713D /* Products */,
			);
			sourceTree = "<group>";
		};
		3E444212178113E6006A713D /* Products */ = {
			isa = PBXGroup;
			children = (
				3E444211178113E6006A713D /* ImageEditorTest.app */,
			);
			name = Products;
			sourceTree = "<group>";
		};
		3E444213178113E6006A713D /* Frameworks */ = {
			isa = PBXGroup;
			children = (
				3E444214178113E6006A713D /* UIKit.framework */,
				3E444216178113E6006A713D /* Foundation.framework */,
				3E444218178113E6006A713D /* CoreGraphics.framework */,
			);
			name = Frameworks;
			sourceTree = "<group>";
		};
		3E44421A178113E6006A713D /* ImageEditorTest */ = {
			isa = PBXGroup;
			children = (
				3E4442311781140B006A713D /* YXImageLabel.h */,
				3E4442321781140B006A713D /* YXImageLabel.m */,
				3E44423717811AB7006A713D /* account_money.png */,
				3E44423F17812A57006A713D /* btn_passbook.png */,
				3E444223178113E6006A713D /* AppDelegate.h */,
				3E444224178113E6006A713D /* AppDelegate.m */,
				3E44421B178113E6006A713D /* Supporting Files */,
				3E44423417811431006A713D /* ImageEditor.h */,
				3E44423517811431006A713D /* ImageEditor.m */,
				3E44424117812D39006A713D /* APLSimpleCaretView.h */,
				3E44424217812D39006A713D /* APLSimpleCaretView.m */,
			);
			path = ImageEditorTest;
			sourceTree = "<group>";
		};
		3E44421B178113E6006A713D /* Supporting Files */ = {
			isa = PBXGroup;
			children = (
				3E44421C178113E6006A713D /* ImageEditorTest-Info.plist */,
				3E44421D178113E6006A713D /* InfoPlist.strings */,
				3E444220178113E6006A713D /* main.m */,
				3E444222178113E6006A713D /* ImageEditorTest-Prefix.pch */,
				3E444226178113E6006A713D /* Default.png */,
				3E444228178113E6006A713D /* Default@2x.png */,
				3E44422A178113E6006A713D /* Default-568h@2x.png */,
			);
			name = "Supporting Files";
			sourceTree = "<group>";
		};
/* End PBXGroup section */

/* Begin PBXNativeTarget section */
		3E444210178113E6006A713D /* ImageEditorTest */ = {
			isa = PBXNativeTarget;
			buildConfigurationList = 3E44422E178113E6006A713D /* Build configuration list for PBXNativeTarget "ImageEditorTest" */;
			buildPhases = (
				3E44420D178113E6006A713D /* Sources */,
				3E44420E178113E6006A713D /* Frameworks */,
				3E44420F178113E6006A713D /* Resources */,
			);
			buildRules = (
			);
			dependencies = (
			);
			name = ImageEditorTest;
			productName = ImageEditorTest;
			productReference = 3E444211178113E6006A713D /* ImageEditorTest.app */;
			productType = "com.apple.product-type.application";
		};
/* End PBXNativeTarget section */

/* Begin PBXProject section */
		3E444209178113E6006A713D /* Project object */ = {
			isa = PBXProject;
			attributes = {
				LastUpgradeCheck = 0460;
				ORGANIZATIONNAME = yangzexin;
			};
			buildConfigurationList = 3E44420C178113E6006A713D /* Build configuration list for PBXProject "ImageEditorTest" */;
			compatibilityVersion = "Xcode 3.2";
			developmentRegion = English;
			hasScannedForEncodings = 0;
			knownRegions = (
				en,
			);
			mainGroup = 3E444208178113E6006A713D;
			productRefGroup = 3E444212178113E6006A713D /* Products */;
			projectDirPath = "";
			projectRoot = "";
			targets = (
				3E444210178113E6006A713D /* ImageEditorTest */,
			);
		};
/* End PBXProject section */

/* Begin PBXResourcesBuildPhase section */
		3E44420F178113E6006A713D /* Resources */ = {
			isa = PBXResourcesBuildPhase;
			buildActionMask = 2147483647;
			files = (
				3E44421F178113E6006A713D /* InfoPlist.strings in Resources */,
				3E444227178113E6006A713D /* Default.png in Resources */,
				3E444229178113E6006A713D /* Default@2x.png in Resources */,
				3E44422B178113E6006A713D /* Default-568h@2x.png in Resources */,
				3E44423817811AB8006A713D /* account_money.png in Resources */,
				3E44424017812A57006A713D /* btn_passbook.png in Resources */,
			);
			runOnlyForDeploymentPostprocessing = 0;
		};
/* End PBXResourcesBuildPhase section */

/* Begin PBXSourcesBuildPhase section */
		3E44420D178113E6006A713D /* Sources */ = {
			isa = PBXSourcesBuildPhase;
			buildActionMask = 2147483647;
			files = (
				3E444221178113E6006A713D /* main.m in Sources */,
				3E444225178113E6006A713D /* AppDelegate.m in Sources */,
				3E4442331781140B006A713D /* YXImageLabel.m in Sources */,
				3E44423617811431006A713D /* ImageEditor.m in Sources */,
				3E44424317812D39006A713D /* APLSimpleCaretView.m in Sources */,
			);
			runOnlyForDeploymentPostprocessing = 0;
		};
/* End PBXSourcesBuildPhase section */

/* Begin PBXVariantGroup section */
		3E44421D178113E6006A713D /* InfoPlist.strings */ = {
			isa = PBXVariantGroup;
			children = (
				3E44421E178113E6006A713D /* en */,
			);
			name = InfoPlist.strings;
			sourceTree = "<group>";
		};
/* End PBXVariantGroup section */

/* Begin XCBuildConfiguration section */
		3E44422C178113E6006A713D /* Debug */ = {
			isa = XCBuildConfiguration;
			buildSettings = {
				ALWAYS_SEARCH_USER_PATHS = NO;
				CLANG_CXX_LANGUAGE_STANDARD = "gnu++0x";
				CLANG_CXX_LIBRARY = "libc++";
				CLANG_WARN_CONSTANT_CONVERSION = YES;
				CLANG_WARN_EMPTY_BODY = YES;
				CLANG_WARN_ENUM_CONVERSION = YES;
				CLANG_WARN_INT_CONVERSION = YES;
				CLANG_WARN__DUPLICATE_METHOD_MATCH = YES;
				"CODE_SIGN_IDENTITY[sdk=iphoneos*]" = "iPhone Developer";
				COPY_PHASE_STRIP = NO;
				GCC_C_LANGUAGE_STANDARD = gnu99;
				GCC_DYNAMIC_NO_PIC = NO;
				GCC_OPTIMIZATION_LEVEL = 0;
				GCC_PREPROCESSOR_DEFINITIONS = (
					"DEBUG=1",
					"$(inherited)",
				);
				GCC_SYMBOLS_PRIVATE_EXTERN = NO;
				GCC_WARN_ABOUT_RETURN_TYPE = YES;
				GCC_WARN_UNINITIALIZED_AUTOS = YES;
				GCC_WARN_UNUSED_VARIABLE = YES;
				IPHONEOS_DEPLOYMENT_TARGET = 6.1;
				ONLY_ACTIVE_ARCH = YES;
				SDKROOT = iphoneos;
				TARGETED_DEVICE_FAMILY = "1,2";
			};
			name = Debug;
		};
		3E44422D178113E6006A713D /* Release */ = {
			isa = XCBuildConfiguration;
			buildSettings = {
				ALWAYS_SEARCH_USER_PATHS = NO;
				CLANG_CXX_LANGUAGE_STANDARD = "gnu++0x";
				CLANG_CXX_LIBRARY = "libc++";
				CLANG_WARN_CONSTANT_CONVERSION = YES;
				CLANG_WARN_EMPTY_BODY = YES;
				CLANG_WARN_ENUM_CONVERSION = YES;
				CLANG_WARN_INT_CONVERSION = YES;
				CLANG_WARN__DUPLICATE_METHOD_MATCH = YES;
				"CODE_SIGN_IDENTITY[sdk=iphoneos*]" = "iPhone Developer";
				COPY_PHASE_STRIP = YES;
				GCC_C_LANGUAGE_STANDARD = gnu99;
				GCC_WARN_ABOUT_RETURN_TYPE = YES;
				GCC_WARN_UNINITIALIZED_AUTOS = YES;
				GCC_WARN_UNUSED_VARIABLE = YES;
				IPHONEOS_DEPLOYMENT_TARGET = 6.1;
				OTHER_CFLAGS = "-DNS_BLOCK_ASSERTIONS=1";
				SDKROOT = iphoneos;
				TARGETED_DEVICE_FAMILY = "1,2";
				VALIDATE_PRODUCT = YES;
			};
			name = Release;
		};
		3E44422F178113E6006A713D /* Debug */ = {
			isa = XCBuildConfiguration;
			buildSettings = {
				GCC_PRECOMPILE_PREFIX_HEADER = YES;
				GCC_PREFIX_HEADER = "ImageEditorTest/ImageEditorTest-Prefix.pch";
				INFOPLIST_FILE = "ImageEditorTest/ImageEditorTest-Info.plist";
				IPHONEOS_DEPLOYMENT_TARGET = 4.3;
				PRODUCT_NAME = "$(TARGET_NAME)";
				WRAPPER_EXTENSION = app;
			};
			name = Debug;
		};
		3E444230178113E6006A713D /* Release */ = {
			isa = XCBuildConfiguration;
			buildSettings = {
				GCC_PRECOMPILE_PREFIX_HEADER = YES;
				GCC_PREFIX_HEADER = "ImageEditorTest/ImageEditorTest-Prefix.pch";
				INFOPLIST_FILE = "ImageEditorTest/ImageEditorTest-Info.plist";
				IPHONEOS_DEPLOYMENT_TARGET = 4.3;
				PRODUCT_NAME = "$(TARGET_NAME)";
				WRAPPER_EXTENSION = app;
			};
			name = Release;
		};
/* End XCBuildConfiguration section */

/* Begin XCConfigurationList section */
		3E44420C178113E6006A713D /* Build configuration list for PBXProject "ImageEditorTest" */ = {
			isa = XCConfigurationList;
			buildConfigurations = (
				3E44422C178113E6006A713D /* Debug */,
				3E44422D178113E6006A713D /* Release */,
			);
			defaultConfigurationIsVisible = 0;
			defaultConfigurationName = Release;
		};
		3E44422E178113E6006A713D /* Build configuration list for PBXNativeTarget "ImageEditorTest" */ = {
			isa = XCConfigurationList;
			buildConfigurations = (
				3E44422F178113E6006A713D /* Debug */,
				3E444230178113E6006A713D /* Release */,
			);
			defaultConfigurationIsVisible = 0;
			defaultConfigurationName = Release;
		};
/* End XCConfigurationList section */
	};
	rootObject = 3E444209178113E6006A713D /* Project object */;
}
